PODS:
  - Alamofire (5.4.3)
  - Cuckoo (1.4.2):
    - Cuckoo/Swift (= 1.4.2)
  - Cuckoo/Swift (1.4.2)
  - Kingfisher (6.3.0)
  - Nimble (9.0.1)
  - Quick (3.1.2)
  - SnapKit (5.0.1)

DEPENDENCIES:
  - Alamofire
  - Cuckoo
  - Kingfisher
  - Nimble
  - Quick
  - SnapKit

SPEC REPOS:
  trunk:
    - Alamofire
    - Cuckoo
    - Kingfisher
    - Nimble
    - Quick
    - SnapKit

SPEC CHECKSUMS:
  Alamofire: e447a2774a40c996748296fa2c55112fdbbc42f9
  Cuckoo: 4a54e93502b9ad06addcbd868ed203d96a64a299
  Kingfisher: 6c3df386db71d82c0817a429d2c9421a77396529
  Nimble: 7bed62ffabd6dbfe05f5925cbc43722533248990
  Quick: 60f0ea3b8e0cfc0df3259a5c06a238ad8b3c46e0
  SnapKit: 97b92857e3df3a0c71833cce143274bf6ef8e5eb

PODFILE CHECKSUM: 91d81423fc3b2fdb972b7ec374c4daa8406d169f

COCOAPODS: 1.10.1
