// !$*UTF8*$!
{
	archiveVersion = 1;
	classes = {
	};
	objectVersion = 51;
	objects = {

/* Begin PBXBuildFile section */
		0255A0A726529F2800432775 /* StatisticsScreenCoordinatorDelegate.swift in Sources */ = {isa = PBXBuildFile; fileRef = 0255A0A626529F2800432775 /* StatisticsScreenCoordinatorDelegate.swift */; };
		025AF80026455EC9009081AD /* LatestNewsGeneratedMocks.swift in Sources */ = {isa = PBXBuildFile; fileRef = 025AF7FF26455EC9009081AD /* LatestNewsGeneratedMocks.swift */; };
		0263E41926493C490048C2D6 /* CountryTableViewCell.swift in Sources */ = {isa = PBXBuildFile; fileRef = 0263E41626493C490048C2D6 /* CountryTableViewCell.swift */; };
		0263E41A26493C490048C2D6 /* EmptyStateTableViewCell.swift in Sources */ = {isa = PBXBuildFile; fileRef = 0263E41726493C490048C2D6 /* EmptyStateTableViewCell.swift */; };
		0263E41B26493C490048C2D6 /* WorldwideTableViewCell.swift in Sources */ = {isa = PBXBuildFile; fileRef = 0263E41826493C490048C2D6 /* WorldwideTableViewCell.swift */; };
		02D5FB1E26492AFC004B6BA3 /* StatisticsScreenCoordinator.swift in Sources */ = {isa = PBXBuildFile; fileRef = 02D5FB1D26492AFC004B6BA3 /* StatisticsScreenCoordinator.swift */; };
		02D5FB2426492B2A004B6BA3 /* NavigationInformation.swift in Sources */ = {isa = PBXBuildFile; fileRef = 02D5FB2326492B2A004B6BA3 /* NavigationInformation.swift */; };
		02D5FB2926492B44004B6BA3 /* StatsDomainItem.swift in Sources */ = {isa = PBXBuildFile; fileRef = 02D5FB2826492B44004B6BA3 /* StatsDomainItem.swift */; };
		02D5FB2F26492B4F004B6BA3 /* StatsDomainItemDetail.swift in Sources */ = {isa = PBXBuildFile; fileRef = 02D5FB2E26492B4F004B6BA3 /* StatsDomainItemDetail.swift */; };
		02D5FB3426492B92004B6BA3 /* StatisticsScreenViewModel.swift in Sources */ = {isa = PBXBuildFile; fileRef = 02D5FB3326492B92004B6BA3 /* StatisticsScreenViewModel.swift */; };
		02D5FB3B26492BE2004B6BA3 /* SingleStatView.swift in Sources */ = {isa = PBXBuildFile; fileRef = 02D5FB3A26492BE2004B6BA3 /* SingleStatView.swift */; };
		02D5FB4126492BEE004B6BA3 /* StatsCardView.swift in Sources */ = {isa = PBXBuildFile; fileRef = 02D5FB4026492BEE004B6BA3 /* StatsCardView.swift */; };
		02D5FB4526492C0E004B6BA3 /* StatisticsScreenViewController.swift in Sources */ = {isa = PBXBuildFile; fileRef = 02D5FB4426492C0E004B6BA3 /* StatisticsScreenViewController.swift */; };
		02EA811E2645D8DA0034A380 /* WebViewViewModel.swift in Sources */ = {isa = PBXBuildFile; fileRef = 02EA80F42645D8DA0034A380 /* WebViewViewModel.swift */; };
		02EA811F2645D8DA0034A380 /* WebViewCoordinator.swift in Sources */ = {isa = PBXBuildFile; fileRef = 02EA80F62645D8DA0034A380 /* WebViewCoordinator.swift */; };
		02EA81202645D8DA0034A380 /* WebViewViewController.swift in Sources */ = {isa = PBXBuildFile; fileRef = 02EA80F82645D8DA0034A380 /* WebViewViewController.swift */; };
		02EA81212645D8DA0034A380 /* LatestNewsViewModel.swift in Sources */ = {isa = PBXBuildFile; fileRef = 02EA80FB2645D8DA0034A380 /* LatestNewsViewModel.swift */; };
		02EA81222645D8DA0034A380 /* LatestNewsRepository.swift in Sources */ = {isa = PBXBuildFile; fileRef = 02EA80FD2645D8DA0034A380 /* LatestNewsRepository.swift */; };
		02EA81232645D8DA0034A380 /* LatesNewsCoordinator.swift in Sources */ = {isa = PBXBuildFile; fileRef = 02EA80FF2645D8DA0034A380 /* LatesNewsCoordinator.swift */; };
		02EA81242645D8DA0034A380 /* LatestNewsCoordinatorDelegate.swift in Sources */ = {isa = PBXBuildFile; fileRef = 02EA81002645D8DA0034A380 /* LatestNewsCoordinatorDelegate.swift */; };
		02EA81252645D8DA0034A380 /* LatestNewsResponseItem.swift in Sources */ = {isa = PBXBuildFile; fileRef = 02EA81022645D8DA0034A380 /* LatestNewsResponseItem.swift */; };
		02EA81262645D8DA0034A380 /* PaginationInformation.swift in Sources */ = {isa = PBXBuildFile; fileRef = 02EA81032645D8DA0034A380 /* PaginationInformation.swift */; };
		02EA81272645D8DA0034A380 /* Article.swift in Sources */ = {isa = PBXBuildFile; fileRef = 02EA81042645D8DA0034A380 /* Article.swift */; };
		02EA81282645D8DA0034A380 /* LatestNewsDomainItem.swift in Sources */ = {isa = PBXBuildFile; fileRef = 02EA81052645D8DA0034A380 /* LatestNewsDomainItem.swift */; };
		02EA81292645D8DA0034A380 /* LatestNewsViewController.swift in Sources */ = {isa = PBXBuildFile; fileRef = 02EA81072645D8DA0034A380 /* LatestNewsViewController.swift */; };
		02EA812A2645D8DA0034A380 /* LatestNewsBackgroundView.swift in Sources */ = {isa = PBXBuildFile; fileRef = 02EA81092645D8DA0034A380 /* LatestNewsBackgroundView.swift */; };
		02EA812B2645D8DA0034A380 /* LatestNewsTableViewCell.swift in Sources */ = {isa = PBXBuildFile; fileRef = 02EA810B2645D8DA0034A380 /* LatestNewsTableViewCell.swift */; };
		6018001D2654FD1300CD7515 /* RemovableView.swift in Sources */ = {isa = PBXBuildFile; fileRef = 6018001C2654FD1300CD7515 /* RemovableView.swift */; };
		6018002026550EFD00CD7515 /* DarkModeEmptyStateAnimation.json in Resources */ = {isa = PBXBuildFile; fileRef = 6018001E26550EFD00CD7515 /* DarkModeEmptyStateAnimation.json */; };
		6018002126550EFD00CD7515 /* LightModeEmptyStateAnimation.json in Resources */ = {isa = PBXBuildFile; fileRef = 6018001F26550EFD00CD7515 /* LightModeEmptyStateAnimation.json */; };
		601C2F2F26565AAA000C9D42 /* StatisticsScreenInitialization.swift in Sources */ = {isa = PBXBuildFile; fileRef = 601C2F2E26565AAA000C9D42 /* StatisticsScreenInitialization.swift */; };
		602F4C5F2600CB860034A798 /* AppDelegate.swift in Sources */ = {isa = PBXBuildFile; fileRef = 602F4C5E2600CB860034A798 /* AppDelegate.swift */; };
		60311BA6264428B1006DD857 /* AppCoordinator.swift in Sources */ = {isa = PBXBuildFile; fileRef = 60311BA5264428B1006DD857 /* AppCoordinator.swift */; };
		60311BAE264428C5006DD857 /* CoordinatorDelegate.swift in Sources */ = {isa = PBXBuildFile; fileRef = 60311BA7264428C4006DD857 /* CoordinatorDelegate.swift */; };
		60311BB0264428C5006DD857 /* ObjectSavable.swift in Sources */ = {isa = PBXBuildFile; fileRef = 60311BA9264428C4006DD857 /* ObjectSavable.swift */; };
		60311BB1264428C5006DD857 /* Covid19Repository.swift in Sources */ = {isa = PBXBuildFile; fileRef = 60311BAA264428C4006DD857 /* Covid19Repository.swift */; };
		60311BB2264428C5006DD857 /* ParentCoordinatorDelegate.swift in Sources */ = {isa = PBXBuildFile; fileRef = 60311BAB264428C4006DD857 /* ParentCoordinatorDelegate.swift */; };
		60311BB3264428C5006DD857 /* ReusableView.swift in Sources */ = {isa = PBXBuildFile; fileRef = 60311BAC264428C4006DD857 /* ReusableView.swift */; };
		60311BB4264428C5006DD857 /* Coordinator.swift in Sources */ = {isa = PBXBuildFile; fileRef = 60311BAD264428C4006DD857 /* Coordinator.swift */; };
		60311BBB264428D0006DD857 /* UITableView+Extensions.swift in Sources */ = {isa = PBXBuildFile; fileRef = 60311BB5264428D0006DD857 /* UITableView+Extensions.swift */; };
		60311BBC264428D0006DD857 /* UserDefaults+Extensions.swift in Sources */ = {isa = PBXBuildFile; fileRef = 60311BB6264428D0006DD857 /* UserDefaults+Extensions.swift */; };
		60311BBD264428D0006DD857 /* UIView+Extensions.swift in Sources */ = {isa = PBXBuildFile; fileRef = 60311BB7264428D0006DD857 /* UIView+Extensions.swift */; };
		60311BBE264428D0006DD857 /* UIStackView+Extensions.swift in Sources */ = {isa = PBXBuildFile; fileRef = 60311BB8264428D0006DD857 /* UIStackView+Extensions.swift */; };
		60311BBF264428D0006DD857 /* UIImageView+Extensions.swift in Sources */ = {isa = PBXBuildFile; fileRef = 60311BB9264428D0006DD857 /* UIImageView+Extensions.swift */; };
		60311BC0264428D0006DD857 /* UITableViewCell+Extensions.swift in Sources */ = {isa = PBXBuildFile; fileRef = 60311BBA264428D0006DD857 /* UITableViewCell+Extensions.swift */; };
		60311BC6264428DA006DD857 /* CountryListResponseItem.swift in Sources */ = {isa = PBXBuildFile; fileRef = 60311BC1264428D9006DD857 /* CountryListResponseItem.swift */; };
		60311BC7264428DA006DD857 /* CountryStatus.swift in Sources */ = {isa = PBXBuildFile; fileRef = 60311BC2264428D9006DD857 /* CountryStatus.swift */; };
		60311BC8264428DA006DD857 /* CountryResponseItem.swift in Sources */ = {isa = PBXBuildFile; fileRef = 60311BC3264428D9006DD857 /* CountryResponseItem.swift */; };
		60311BC9264428DA006DD857 /* Global.swift in Sources */ = {isa = PBXBuildFile; fileRef = 60311BC4264428D9006DD857 /* Global.swift */; };
		60311BCA264428DA006DD857 /* WorldwideResponseItem.swift in Sources */ = {isa = PBXBuildFile; fileRef = 60311BC5264428DA006DD857 /* WorldwideResponseItem.swift */; };
		60311BD4264428E3006DD857 /* Covid19RepositoryImpl.swift in Sources */ = {isa = PBXBuildFile; fileRef = 60311BCF264428E3006DD857 /* Covid19RepositoryImpl.swift */; };
		60311BD8264428F2006DD857 /* SerializationManager.swift in Sources */ = {isa = PBXBuildFile; fileRef = 60311BD5264428F2006DD857 /* SerializationManager.swift */; };
		60311BD9264428F2006DD857 /* RestEndpoints.swift in Sources */ = {isa = PBXBuildFile; fileRef = 60311BD6264428F2006DD857 /* RestEndpoints.swift */; };
		60311BDA264428F2006DD857 /* RestManager.swift in Sources */ = {isa = PBXBuildFile; fileRef = 60311BD7264428F2006DD857 /* RestManager.swift */; };
		60311BDF26442900006DD857 /* UserDefaultsService.swift in Sources */ = {isa = PBXBuildFile; fileRef = 60311BDB26442900006DD857 /* UserDefaultsService.swift */; };
		60311BE026442900006DD857 /* ObjectSavableError.swift in Sources */ = {isa = PBXBuildFile; fileRef = 60311BDD26442900006DD857 /* ObjectSavableError.swift */; };
		60311BE126442900006DD857 /* UserDefaultsDomainItem.swift in Sources */ = {isa = PBXBuildFile; fileRef = 60311BDE26442900006DD857 /* UserDefaultsDomainItem.swift */; };
		60311BE52644290A006DD857 /* NumberUtils.swift in Sources */ = {isa = PBXBuildFile; fileRef = 60311BE22644290A006DD857 /* NumberUtils.swift */; };
		60311BE62644290A006DD857 /* DateUtils.swift in Sources */ = {isa = PBXBuildFile; fileRef = 60311BE32644290A006DD857 /* DateUtils.swift */; };
		60311BEA26442913006DD857 /* UseCaseSelection.swift in Sources */ = {isa = PBXBuildFile; fileRef = 60311BE826442913006DD857 /* UseCaseSelection.swift */; };
		60311BEB26442913006DD857 /* ErrorType.swift in Sources */ = {isa = PBXBuildFile; fileRef = 60311BE926442913006DD857 /* ErrorType.swift */; };
		60311BF826442AA9006DD857 /* CountrySelectionHandler.swift in Sources */ = {isa = PBXBuildFile; fileRef = 60311BF726442AA9006DD857 /* CountrySelectionHandler.swift */; };
		60311BFF26442AEE006DD857 /* ErrorView.swift in Sources */ = {isa = PBXBuildFile; fileRef = 60311BFB26442AEE006DD857 /* ErrorView.swift */; };
		60311C0026442AEE006DD857 /* ErrorableViewController.swift in Sources */ = {isa = PBXBuildFile; fileRef = 60311BFD26442AEE006DD857 /* ErrorableViewController.swift */; };
		60311C0126442AEE006DD857 /* ErrorableViewModel.swift in Sources */ = {isa = PBXBuildFile; fileRef = 60311BFE26442AEE006DD857 /* ErrorableViewModel.swift */; };
		60311C0926442AF5006DD857 /* LoaderOverlay.swift in Sources */ = {isa = PBXBuildFile; fileRef = 60311C0426442AF5006DD857 /* LoaderOverlay.swift */; };
		60311C0A26442AF5006DD857 /* LoaderView.swift in Sources */ = {isa = PBXBuildFile; fileRef = 60311C0526442AF5006DD857 /* LoaderView.swift */; };
		60311C0B26442AF5006DD857 /* LoaderViewModel.swift in Sources */ = {isa = PBXBuildFile; fileRef = 60311C0726442AF5006DD857 /* LoaderViewModel.swift */; };
		60311C0C26442AF5006DD857 /* LoadableViewController.swift in Sources */ = {isa = PBXBuildFile; fileRef = 60311C0826442AF5006DD857 /* LoadableViewController.swift */; };
		60311C5926442B14006DD857 /* CountrySelectionViewModel.swift in Sources */ = {isa = PBXBuildFile; fileRef = 60311C2826442B14006DD857 /* CountrySelectionViewModel.swift */; };
		60311C5A26442B14006DD857 /* CountrySelectionCoordinator.swift in Sources */ = {isa = PBXBuildFile; fileRef = 60311C2A26442B14006DD857 /* CountrySelectionCoordinator.swift */; };
		60311C5B26442B14006DD857 /* CellType.swift in Sources */ = {isa = PBXBuildFile; fileRef = 60311C2D26442B14006DD857 /* CellType.swift */; };
		60311C5C26442B14006DD857 /* CountrySelectionModel.swift in Sources */ = {isa = PBXBuildFile; fileRef = 60311C2E26442B14006DD857 /* CountrySelectionModel.swift */; };
		60311C6026442B14006DD857 /* CountrySelectionViewController.swift in Sources */ = {isa = PBXBuildFile; fileRef = 60311C3626442B14006DD857 /* CountrySelectionViewController.swift */; };
		60311C6126442B14006DD857 /* TabBarCoordinator.swift in Sources */ = {isa = PBXBuildFile; fileRef = 60311C3926442B14006DD857 /* TabBarCoordinator.swift */; };
		60311C6226442B14006DD857 /* TabBarPage.swift in Sources */ = {isa = PBXBuildFile; fileRef = 60311C3B26442B14006DD857 /* TabBarPage.swift */; };
		60311C6326442B14006DD857 /* TabBarViewController.swift in Sources */ = {isa = PBXBuildFile; fileRef = 60311C3D26442B14006DD857 /* TabBarViewController.swift */; };
		60311C6426442B14006DD857 /* HomeScreenViewModel.swift in Sources */ = {isa = PBXBuildFile; fileRef = 60311C4026442B14006DD857 /* HomeScreenViewModel.swift */; };
		60311C6526442B14006DD857 /* HomeScreenCoordinatorImpl.swift in Sources */ = {isa = PBXBuildFile; fileRef = 60311C4226442B14006DD857 /* HomeScreenCoordinatorImpl.swift */; };
		60311C6626442B14006DD857 /* HomeScreenDomainItemDetail.swift in Sources */ = {isa = PBXBuildFile; fileRef = 60311C4426442B14006DD857 /* HomeScreenDomainItemDetail.swift */; };
		60311C6726442B14006DD857 /* HomeScreenDomainItem.swift in Sources */ = {isa = PBXBuildFile; fileRef = 60311C4526442B14006DD857 /* HomeScreenDomainItem.swift */; };
		60311C6826442B14006DD857 /* HomeScreenMiddleView.swift in Sources */ = {isa = PBXBuildFile; fileRef = 60311C4826442B14006DD857 /* HomeScreenMiddleView.swift */; };
		60311C6926442B14006DD857 /* HomeScreenHeaderView.swift in Sources */ = {isa = PBXBuildFile; fileRef = 60311C4926442B14006DD857 /* HomeScreenHeaderView.swift */; };
		60311C6A26442B14006DD857 /* HomeScreenMainView.swift in Sources */ = {isa = PBXBuildFile; fileRef = 60311C4A26442B14006DD857 /* HomeScreenMainView.swift */; };
		60311C6B26442B14006DD857 /* HomeScreenTableViewCell.swift in Sources */ = {isa = PBXBuildFile; fileRef = 60311C4B26442B14006DD857 /* HomeScreenTableViewCell.swift */; };
		60311C6C26442B14006DD857 /* HomeScreenBackgroundView.swift in Sources */ = {isa = PBXBuildFile; fileRef = 60311C4C26442B14006DD857 /* HomeScreenBackgroundView.swift */; };
		60311C6D26442B14006DD857 /* StatusCaseView.swift in Sources */ = {isa = PBXBuildFile; fileRef = 60311C4D26442B14006DD857 /* StatusCaseView.swift */; };
		60311C6E26442B14006DD857 /* HomeScreenViewController.swift in Sources */ = {isa = PBXBuildFile; fileRef = 60311C4E26442B14006DD857 /* HomeScreenViewController.swift */; };
		60311C6F26442B14006DD857 /* HomeScreenCoordinator.swift in Sources */ = {isa = PBXBuildFile; fileRef = 60311C5026442B14006DD857 /* HomeScreenCoordinator.swift */; };
		60311C7226442B14006DD857 /* PageComingSoonCoordinator.swift in Sources */ = {isa = PBXBuildFile; fileRef = 60311C5626442B14006DD857 /* PageComingSoonCoordinator.swift */; };
		60311C7326442B14006DD857 /* PageComingSoonViewController.swift in Sources */ = {isa = PBXBuildFile; fileRef = 60311C5826442B14006DD857 /* PageComingSoonViewController.swift */; };
		603F2A1B264F01DC00264779 /* EmptyView.swift in Sources */ = {isa = PBXBuildFile; fileRef = 603F2A1A264F01DC00264779 /* EmptyView.swift */; };
		60438DD4264E6D880064CC0B /* UIColor+Extensions.swift in Sources */ = {isa = PBXBuildFile; fileRef = 60438DD3264E6D880064CC0B /* UIColor+Extensions.swift */; };
		60438DD6264E87180064CC0B /* UIImage+Extensions.swift in Sources */ = {isa = PBXBuildFile; fileRef = 60438DD5264E87180064CC0B /* UIImage+Extensions.swift */; };
		6053656F2656508E0024FC91 /* LatestNewsList.json in Resources */ = {isa = PBXBuildFile; fileRef = 6053656C2656508E0024FC91 /* LatestNewsList.json */; };
		60536578265652C80024FC91 /* LatestNewsViewModelTest.swift in Sources */ = {isa = PBXBuildFile; fileRef = 60536577265652C80024FC91 /* LatestNewsViewModelTest.swift */; };
		6066CB7F264BD10800B01B0E /* HomeScreenTableViewHeaderCell.swift in Sources */ = {isa = PBXBuildFile; fileRef = 6066CB7E264BD10800B01B0E /* HomeScreenTableViewHeaderCell.swift */; };
		6066CB83264C155200B01B0E /* Colors.xcassets in Resources */ = {isa = PBXBuildFile; fileRef = 6066CB82264C155200B01B0E /* Colors.xcassets */; };
		6066CB85264C157800B01B0E /* Images.xcassets in Resources */ = {isa = PBXBuildFile; fileRef = 6066CB84264C157800B01B0E /* Images.xcassets */; };
		60AEFFDB264435CA0074B2C3 /* loadingAnimation.json in Resources */ = {isa = PBXBuildFile; fileRef = 60AEFFDA264435CA0074B2C3 /* loadingAnimation.json */; };
		60AEFFE02644364E0074B2C3 /* Assets.xcassets in Resources */ = {isa = PBXBuildFile; fileRef = 60AEFFDC2644364E0074B2C3 /* Assets.xcassets */; };
		60ED183226473E8E007FEBB7 /* HomeScreenUserInteraction.swift in Sources */ = {isa = PBXBuildFile; fileRef = 60ED182D26473E8E007FEBB7 /* HomeScreenUserInteraction.swift */; };
		60ED183326473E8E007FEBB7 /* HomeScreenInitialization.swift in Sources */ = {isa = PBXBuildFile; fileRef = 60ED182E26473E8E007FEBB7 /* HomeScreenInitialization.swift */; };
		60ED183426473E8E007FEBB7 /* GeneratedMocks.swift in Sources */ = {isa = PBXBuildFile; fileRef = 60ED182F26473E8E007FEBB7 /* GeneratedMocks.swift */; };
		60ED183526473E8E007FEBB7 /* CountrySelectionViewModelTest.swift in Sources */ = {isa = PBXBuildFile; fileRef = 60ED183126473E8E007FEBB7 /* CountrySelectionViewModelTest.swift */; };
		60ED183726473F60007FEBB7 /* LaunchScreen.storyboard in Resources */ = {isa = PBXBuildFile; fileRef = 60ED183626473F60007FEBB7 /* LaunchScreen.storyboard */; };
		60ED183C2647403E007FEBB7 /* Covid19CountryStats.json in Resources */ = {isa = PBXBuildFile; fileRef = 60ED18392647403E007FEBB7 /* Covid19CountryStats.json */; };
		60ED183D2647403E007FEBB7 /* Covid19WorldwideStats.json in Resources */ = {isa = PBXBuildFile; fileRef = 60ED183A2647403E007FEBB7 /* Covid19WorldwideStats.json */; };
		60ED183E2647403E007FEBB7 /* Covid19CountryList.json in Resources */ = {isa = PBXBuildFile; fileRef = 60ED183B2647403E007FEBB7 /* Covid19CountryList.json */; };
		60ED184026474061007FEBB7 /* Covid19CountryTotalStats.json in Resources */ = {isa = PBXBuildFile; fileRef = 60ED183F26474061007FEBB7 /* Covid19CountryTotalStats.json */; };
		60ED9D59264AA9C400E7E807 /* StringUtils.swift in Sources */ = {isa = PBXBuildFile; fileRef = 60ED9D58264AA9C400E7E807 /* StringUtils.swift */; };
		B762BAFA626927774FB1EE54 /* Pods_CoronaVirusAppTests.framework in Frameworks */ = {isa = PBXBuildFile; fileRef = E68AE4172489161E429834B8 /* Pods_CoronaVirusAppTests.framework */; };
		F726305C1EAC6FC0130DD7C3 /* Pods_CoronaVirusApp.framework in Frameworks */ = {isa = PBXBuildFile; fileRef = 67E94E7FCB026138087CB563 /* Pods_CoronaVirusApp.framework */; };
/* End PBXBuildFile section */

/* Begin PBXContainerItemProxy section */
		602F4C722600CB870034A798 /* PBXContainerItemProxy */ = {
			isa = PBXContainerItemProxy;
			containerPortal = 602F4C532600CB860034A798 /* Project object */;
			proxyType = 1;
			remoteGlobalIDString = 602F4C5A2600CB860034A798;
			remoteInfo = CoronaVirusApp;
		};
/* End PBXContainerItemProxy section */

/* Begin PBXFileReference section */
		02436FF42645568D00C89A1B /* LatestNewsViewModelTest.swift */ = {isa = PBXFileReference; lastKnownFileType = sourcecode.swift; path = LatestNewsViewModelTest.swift; sourceTree = "<group>"; };
		02437003264557E600C89A1B /* LatestNewsList.json */ = {isa = PBXFileReference; lastKnownFileType = text.json; path = LatestNewsList.json; sourceTree = "<group>"; };
		0255A0A626529F2800432775 /* StatisticsScreenCoordinatorDelegate.swift */ = {isa = PBXFileReference; lastKnownFileType = sourcecode.swift; path = StatisticsScreenCoordinatorDelegate.swift; sourceTree = "<group>"; };
		025AF7FF26455EC9009081AD /* LatestNewsGeneratedMocks.swift */ = {isa = PBXFileReference; fileEncoding = 4; lastKnownFileType = sourcecode.swift; name = LatestNewsGeneratedMocks.swift; path = CoronaVirusAppTests/LatestNewsGeneratedMocks.swift; sourceTree = SOURCE_ROOT; };
		0263E41626493C490048C2D6 /* CountryTableViewCell.swift */ = {isa = PBXFileReference; fileEncoding = 4; lastKnownFileType = sourcecode.swift; path = CountryTableViewCell.swift; sourceTree = "<group>"; };
		0263E41726493C490048C2D6 /* EmptyStateTableViewCell.swift */ = {isa = PBXFileReference; fileEncoding = 4; lastKnownFileType = sourcecode.swift; path = EmptyStateTableViewCell.swift; sourceTree = "<group>"; };
		0263E41826493C490048C2D6 /* WorldwideTableViewCell.swift */ = {isa = PBXFileReference; fileEncoding = 4; lastKnownFileType = sourcecode.swift; path = WorldwideTableViewCell.swift; sourceTree = "<group>"; };
		02D5FB1D26492AFC004B6BA3 /* StatisticsScreenCoordinator.swift */ = {isa = PBXFileReference; lastKnownFileType = sourcecode.swift; path = StatisticsScreenCoordinator.swift; sourceTree = "<group>"; };
		02D5FB2326492B2A004B6BA3 /* NavigationInformation.swift */ = {isa = PBXFileReference; lastKnownFileType = sourcecode.swift; path = NavigationInformation.swift; sourceTree = "<group>"; };
		02D5FB2826492B44004B6BA3 /* StatsDomainItem.swift */ = {isa = PBXFileReference; lastKnownFileType = sourcecode.swift; path = StatsDomainItem.swift; sourceTree = "<group>"; };
		02D5FB2E26492B4F004B6BA3 /* StatsDomainItemDetail.swift */ = {isa = PBXFileReference; lastKnownFileType = sourcecode.swift; path = StatsDomainItemDetail.swift; sourceTree = "<group>"; };
		02D5FB3326492B92004B6BA3 /* StatisticsScreenViewModel.swift */ = {isa = PBXFileReference; lastKnownFileType = sourcecode.swift; path = StatisticsScreenViewModel.swift; sourceTree = "<group>"; };
		02D5FB3A26492BE2004B6BA3 /* SingleStatView.swift */ = {isa = PBXFileReference; lastKnownFileType = sourcecode.swift; path = SingleStatView.swift; sourceTree = "<group>"; };
		02D5FB4026492BEE004B6BA3 /* StatsCardView.swift */ = {isa = PBXFileReference; lastKnownFileType = sourcecode.swift; path = StatsCardView.swift; sourceTree = "<group>"; };
		02D5FB4426492C0E004B6BA3 /* StatisticsScreenViewController.swift */ = {isa = PBXFileReference; lastKnownFileType = sourcecode.swift; path = StatisticsScreenViewController.swift; sourceTree = "<group>"; };
		02EA80F42645D8DA0034A380 /* WebViewViewModel.swift */ = {isa = PBXFileReference; fileEncoding = 4; lastKnownFileType = sourcecode.swift; path = WebViewViewModel.swift; sourceTree = "<group>"; };
		02EA80F62645D8DA0034A380 /* WebViewCoordinator.swift */ = {isa = PBXFileReference; fileEncoding = 4; lastKnownFileType = sourcecode.swift; path = WebViewCoordinator.swift; sourceTree = "<group>"; };
		02EA80F82645D8DA0034A380 /* WebViewViewController.swift */ = {isa = PBXFileReference; fileEncoding = 4; lastKnownFileType = sourcecode.swift; path = WebViewViewController.swift; sourceTree = "<group>"; };
		02EA80FB2645D8DA0034A380 /* LatestNewsViewModel.swift */ = {isa = PBXFileReference; fileEncoding = 4; lastKnownFileType = sourcecode.swift; path = LatestNewsViewModel.swift; sourceTree = "<group>"; };
		02EA80FD2645D8DA0034A380 /* LatestNewsRepository.swift */ = {isa = PBXFileReference; fileEncoding = 4; lastKnownFileType = sourcecode.swift; path = LatestNewsRepository.swift; sourceTree = "<group>"; };
		02EA80FF2645D8DA0034A380 /* LatesNewsCoordinator.swift */ = {isa = PBXFileReference; fileEncoding = 4; lastKnownFileType = sourcecode.swift; path = LatesNewsCoordinator.swift; sourceTree = "<group>"; };
		02EA81002645D8DA0034A380 /* LatestNewsCoordinatorDelegate.swift */ = {isa = PBXFileReference; fileEncoding = 4; lastKnownFileType = sourcecode.swift; path = LatestNewsCoordinatorDelegate.swift; sourceTree = "<group>"; };
		02EA81022645D8DA0034A380 /* LatestNewsResponseItem.swift */ = {isa = PBXFileReference; fileEncoding = 4; lastKnownFileType = sourcecode.swift; path = LatestNewsResponseItem.swift; sourceTree = "<group>"; };
		02EA81032645D8DA0034A380 /* PaginationInformation.swift */ = {isa = PBXFileReference; fileEncoding = 4; lastKnownFileType = sourcecode.swift; path = PaginationInformation.swift; sourceTree = "<group>"; };
		02EA81042645D8DA0034A380 /* Article.swift */ = {isa = PBXFileReference; fileEncoding = 4; lastKnownFileType = sourcecode.swift; path = Article.swift; sourceTree = "<group>"; };
		02EA81052645D8DA0034A380 /* LatestNewsDomainItem.swift */ = {isa = PBXFileReference; fileEncoding = 4; lastKnownFileType = sourcecode.swift; path = LatestNewsDomainItem.swift; sourceTree = "<group>"; };
		02EA81072645D8DA0034A380 /* LatestNewsViewController.swift */ = {isa = PBXFileReference; fileEncoding = 4; lastKnownFileType = sourcecode.swift; path = LatestNewsViewController.swift; sourceTree = "<group>"; };
		02EA81092645D8DA0034A380 /* LatestNewsBackgroundView.swift */ = {isa = PBXFileReference; fileEncoding = 4; lastKnownFileType = sourcecode.swift; path = LatestNewsBackgroundView.swift; sourceTree = "<group>"; };
		02EA810B2645D8DA0034A380 /* LatestNewsTableViewCell.swift */ = {isa = PBXFileReference; fileEncoding = 4; lastKnownFileType = sourcecode.swift; path = LatestNewsTableViewCell.swift; sourceTree = "<group>"; };
		6018001C2654FD1300CD7515 /* RemovableView.swift */ = {isa = PBXFileReference; lastKnownFileType = sourcecode.swift; path = RemovableView.swift; sourceTree = "<group>"; };
		6018001E26550EFD00CD7515 /* DarkModeEmptyStateAnimation.json */ = {isa = PBXFileReference; fileEncoding = 4; lastKnownFileType = text.json; path = DarkModeEmptyStateAnimation.json; sourceTree = "<group>"; };
		6018001F26550EFD00CD7515 /* LightModeEmptyStateAnimation.json */ = {isa = PBXFileReference; fileEncoding = 4; lastKnownFileType = text.json; path = LightModeEmptyStateAnimation.json; sourceTree = "<group>"; };
		601C2F2E26565AAA000C9D42 /* StatisticsScreenInitialization.swift */ = {isa = PBXFileReference; lastKnownFileType = sourcecode.swift; path = StatisticsScreenInitialization.swift; sourceTree = "<group>"; };
		602F4C5B2600CB860034A798 /* CoronaVirusApp.app */ = {isa = PBXFileReference; explicitFileType = wrapper.application; includeInIndex = 0; path = CoronaVirusApp.app; sourceTree = BUILT_PRODUCTS_DIR; };
		602F4C5E2600CB860034A798 /* AppDelegate.swift */ = {isa = PBXFileReference; lastKnownFileType = sourcecode.swift; path = AppDelegate.swift; sourceTree = "<group>"; };
		602F4C6C2600CB870034A798 /* Info.plist */ = {isa = PBXFileReference; lastKnownFileType = text.plist.xml; path = Info.plist; sourceTree = "<group>"; };
		602F4C712600CB870034A798 /* CoronaVirusAppTests.xctest */ = {isa = PBXFileReference; explicitFileType = wrapper.cfbundle; includeInIndex = 0; path = CoronaVirusAppTests.xctest; sourceTree = BUILT_PRODUCTS_DIR; };
		602F4C772600CB870034A798 /* Info.plist */ = {isa = PBXFileReference; lastKnownFileType = text.plist.xml; path = Info.plist; sourceTree = "<group>"; };
		60311BA5264428B1006DD857 /* AppCoordinator.swift */ = {isa = PBXFileReference; fileEncoding = 4; lastKnownFileType = sourcecode.swift; path = AppCoordinator.swift; sourceTree = "<group>"; };
		60311BA7264428C4006DD857 /* CoordinatorDelegate.swift */ = {isa = PBXFileReference; fileEncoding = 4; lastKnownFileType = sourcecode.swift; path = CoordinatorDelegate.swift; sourceTree = "<group>"; };
		60311BA9264428C4006DD857 /* ObjectSavable.swift */ = {isa = PBXFileReference; fileEncoding = 4; lastKnownFileType = sourcecode.swift; path = ObjectSavable.swift; sourceTree = "<group>"; };
		60311BAA264428C4006DD857 /* Covid19Repository.swift */ = {isa = PBXFileReference; fileEncoding = 4; lastKnownFileType = sourcecode.swift; path = Covid19Repository.swift; sourceTree = "<group>"; };
		60311BAB264428C4006DD857 /* ParentCoordinatorDelegate.swift */ = {isa = PBXFileReference; fileEncoding = 4; lastKnownFileType = sourcecode.swift; path = ParentCoordinatorDelegate.swift; sourceTree = "<group>"; };
		60311BAC264428C4006DD857 /* ReusableView.swift */ = {isa = PBXFileReference; fileEncoding = 4; lastKnownFileType = sourcecode.swift; path = ReusableView.swift; sourceTree = "<group>"; };
		60311BAD264428C4006DD857 /* Coordinator.swift */ = {isa = PBXFileReference; fileEncoding = 4; lastKnownFileType = sourcecode.swift; path = Coordinator.swift; sourceTree = "<group>"; };
		60311BB5264428D0006DD857 /* UITableView+Extensions.swift */ = {isa = PBXFileReference; fileEncoding = 4; lastKnownFileType = sourcecode.swift; path = "UITableView+Extensions.swift"; sourceTree = "<group>"; };
		60311BB6264428D0006DD857 /* UserDefaults+Extensions.swift */ = {isa = PBXFileReference; fileEncoding = 4; lastKnownFileType = sourcecode.swift; path = "UserDefaults+Extensions.swift"; sourceTree = "<group>"; };
		60311BB7264428D0006DD857 /* UIView+Extensions.swift */ = {isa = PBXFileReference; fileEncoding = 4; lastKnownFileType = sourcecode.swift; path = "UIView+Extensions.swift"; sourceTree = "<group>"; };
		60311BB8264428D0006DD857 /* UIStackView+Extensions.swift */ = {isa = PBXFileReference; fileEncoding = 4; lastKnownFileType = sourcecode.swift; path = "UIStackView+Extensions.swift"; sourceTree = "<group>"; };
		60311BB9264428D0006DD857 /* UIImageView+Extensions.swift */ = {isa = PBXFileReference; fileEncoding = 4; lastKnownFileType = sourcecode.swift; path = "UIImageView+Extensions.swift"; sourceTree = "<group>"; };
		60311BBA264428D0006DD857 /* UITableViewCell+Extensions.swift */ = {isa = PBXFileReference; fileEncoding = 4; lastKnownFileType = sourcecode.swift; path = "UITableViewCell+Extensions.swift"; sourceTree = "<group>"; };
		60311BC1264428D9006DD857 /* CountryListResponseItem.swift */ = {isa = PBXFileReference; fileEncoding = 4; lastKnownFileType = sourcecode.swift; path = CountryListResponseItem.swift; sourceTree = "<group>"; };
		60311BC2264428D9006DD857 /* CountryStatus.swift */ = {isa = PBXFileReference; fileEncoding = 4; lastKnownFileType = sourcecode.swift; path = CountryStatus.swift; sourceTree = "<group>"; };
		60311BC3264428D9006DD857 /* CountryResponseItem.swift */ = {isa = PBXFileReference; fileEncoding = 4; lastKnownFileType = sourcecode.swift; path = CountryResponseItem.swift; sourceTree = "<group>"; };
		60311BC4264428D9006DD857 /* Global.swift */ = {isa = PBXFileReference; fileEncoding = 4; lastKnownFileType = sourcecode.swift; path = Global.swift; sourceTree = "<group>"; };
		60311BC5264428DA006DD857 /* WorldwideResponseItem.swift */ = {isa = PBXFileReference; fileEncoding = 4; lastKnownFileType = sourcecode.swift; path = WorldwideResponseItem.swift; sourceTree = "<group>"; };
		60311BCF264428E3006DD857 /* Covid19RepositoryImpl.swift */ = {isa = PBXFileReference; fileEncoding = 4; lastKnownFileType = sourcecode.swift; path = Covid19RepositoryImpl.swift; sourceTree = "<group>"; };
		60311BD5264428F2006DD857 /* SerializationManager.swift */ = {isa = PBXFileReference; fileEncoding = 4; lastKnownFileType = sourcecode.swift; path = SerializationManager.swift; sourceTree = "<group>"; };
		60311BD6264428F2006DD857 /* RestEndpoints.swift */ = {isa = PBXFileReference; fileEncoding = 4; lastKnownFileType = sourcecode.swift; path = RestEndpoints.swift; sourceTree = "<group>"; };
		60311BD7264428F2006DD857 /* RestManager.swift */ = {isa = PBXFileReference; fileEncoding = 4; lastKnownFileType = sourcecode.swift; path = RestManager.swift; sourceTree = "<group>"; };
		60311BDB26442900006DD857 /* UserDefaultsService.swift */ = {isa = PBXFileReference; fileEncoding = 4; lastKnownFileType = sourcecode.swift; path = UserDefaultsService.swift; sourceTree = "<group>"; };
		60311BDD26442900006DD857 /* ObjectSavableError.swift */ = {isa = PBXFileReference; fileEncoding = 4; lastKnownFileType = sourcecode.swift; path = ObjectSavableError.swift; sourceTree = "<group>"; };
		60311BDE26442900006DD857 /* UserDefaultsDomainItem.swift */ = {isa = PBXFileReference; fileEncoding = 4; lastKnownFileType = sourcecode.swift; path = UserDefaultsDomainItem.swift; sourceTree = "<group>"; };
		60311BE22644290A006DD857 /* NumberUtils.swift */ = {isa = PBXFileReference; fileEncoding = 4; lastKnownFileType = sourcecode.swift; path = NumberUtils.swift; sourceTree = "<group>"; };
		60311BE32644290A006DD857 /* DateUtils.swift */ = {isa = PBXFileReference; fileEncoding = 4; lastKnownFileType = sourcecode.swift; path = DateUtils.swift; sourceTree = "<group>"; };
		60311BE826442913006DD857 /* UseCaseSelection.swift */ = {isa = PBXFileReference; fileEncoding = 4; lastKnownFileType = sourcecode.swift; path = UseCaseSelection.swift; sourceTree = "<group>"; };
		60311BE926442913006DD857 /* ErrorType.swift */ = {isa = PBXFileReference; fileEncoding = 4; lastKnownFileType = sourcecode.swift; path = ErrorType.swift; sourceTree = "<group>"; };
		60311BF726442AA9006DD857 /* CountrySelectionHandler.swift */ = {isa = PBXFileReference; fileEncoding = 4; lastKnownFileType = sourcecode.swift; path = CountrySelectionHandler.swift; sourceTree = "<group>"; };
		60311BFB26442AEE006DD857 /* ErrorView.swift */ = {isa = PBXFileReference; fileEncoding = 4; lastKnownFileType = sourcecode.swift; path = ErrorView.swift; sourceTree = "<group>"; };
		60311BFD26442AEE006DD857 /* ErrorableViewController.swift */ = {isa = PBXFileReference; fileEncoding = 4; lastKnownFileType = sourcecode.swift; path = ErrorableViewController.swift; sourceTree = "<group>"; };
		60311BFE26442AEE006DD857 /* ErrorableViewModel.swift */ = {isa = PBXFileReference; fileEncoding = 4; lastKnownFileType = sourcecode.swift; path = ErrorableViewModel.swift; sourceTree = "<group>"; };
		60311C0426442AF5006DD857 /* LoaderOverlay.swift */ = {isa = PBXFileReference; fileEncoding = 4; lastKnownFileType = sourcecode.swift; path = LoaderOverlay.swift; sourceTree = "<group>"; };
		60311C0526442AF5006DD857 /* LoaderView.swift */ = {isa = PBXFileReference; fileEncoding = 4; lastKnownFileType = sourcecode.swift; path = LoaderView.swift; sourceTree = "<group>"; };
		60311C0726442AF5006DD857 /* LoaderViewModel.swift */ = {isa = PBXFileReference; fileEncoding = 4; lastKnownFileType = sourcecode.swift; path = LoaderViewModel.swift; sourceTree = "<group>"; };
		60311C0826442AF5006DD857 /* LoadableViewController.swift */ = {isa = PBXFileReference; fileEncoding = 4; lastKnownFileType = sourcecode.swift; path = LoadableViewController.swift; sourceTree = "<group>"; };
		60311C2826442B14006DD857 /* CountrySelectionViewModel.swift */ = {isa = PBXFileReference; fileEncoding = 4; lastKnownFileType = sourcecode.swift; path = CountrySelectionViewModel.swift; sourceTree = "<group>"; };
		60311C2A26442B14006DD857 /* CountrySelectionCoordinator.swift */ = {isa = PBXFileReference; fileEncoding = 4; lastKnownFileType = sourcecode.swift; path = CountrySelectionCoordinator.swift; sourceTree = "<group>"; };
		60311C2D26442B14006DD857 /* CellType.swift */ = {isa = PBXFileReference; fileEncoding = 4; lastKnownFileType = sourcecode.swift; path = CellType.swift; sourceTree = "<group>"; };
		60311C2E26442B14006DD857 /* CountrySelectionModel.swift */ = {isa = PBXFileReference; fileEncoding = 4; lastKnownFileType = sourcecode.swift; path = CountrySelectionModel.swift; sourceTree = "<group>"; };
		60311C3626442B14006DD857 /* CountrySelectionViewController.swift */ = {isa = PBXFileReference; fileEncoding = 4; lastKnownFileType = sourcecode.swift; path = CountrySelectionViewController.swift; sourceTree = "<group>"; };
		60311C3926442B14006DD857 /* TabBarCoordinator.swift */ = {isa = PBXFileReference; fileEncoding = 4; lastKnownFileType = sourcecode.swift; path = TabBarCoordinator.swift; sourceTree = "<group>"; };
		60311C3B26442B14006DD857 /* TabBarPage.swift */ = {isa = PBXFileReference; fileEncoding = 4; lastKnownFileType = sourcecode.swift; path = TabBarPage.swift; sourceTree = "<group>"; };
		60311C3D26442B14006DD857 /* TabBarViewController.swift */ = {isa = PBXFileReference; fileEncoding = 4; lastKnownFileType = sourcecode.swift; path = TabBarViewController.swift; sourceTree = "<group>"; };
		60311C4026442B14006DD857 /* HomeScreenViewModel.swift */ = {isa = PBXFileReference; fileEncoding = 4; lastKnownFileType = sourcecode.swift; path = HomeScreenViewModel.swift; sourceTree = "<group>"; };
		60311C4226442B14006DD857 /* HomeScreenCoordinatorImpl.swift */ = {isa = PBXFileReference; fileEncoding = 4; lastKnownFileType = sourcecode.swift; path = HomeScreenCoordinatorImpl.swift; sourceTree = "<group>"; };
		60311C4426442B14006DD857 /* HomeScreenDomainItemDetail.swift */ = {isa = PBXFileReference; fileEncoding = 4; lastKnownFileType = sourcecode.swift; path = HomeScreenDomainItemDetail.swift; sourceTree = "<group>"; };
		60311C4526442B14006DD857 /* HomeScreenDomainItem.swift */ = {isa = PBXFileReference; fileEncoding = 4; lastKnownFileType = sourcecode.swift; path = HomeScreenDomainItem.swift; sourceTree = "<group>"; };
		60311C4826442B14006DD857 /* HomeScreenMiddleView.swift */ = {isa = PBXFileReference; fileEncoding = 4; lastKnownFileType = sourcecode.swift; path = HomeScreenMiddleView.swift; sourceTree = "<group>"; };
		60311C4926442B14006DD857 /* HomeScreenHeaderView.swift */ = {isa = PBXFileReference; fileEncoding = 4; lastKnownFileType = sourcecode.swift; path = HomeScreenHeaderView.swift; sourceTree = "<group>"; };
		60311C4A26442B14006DD857 /* HomeScreenMainView.swift */ = {isa = PBXFileReference; fileEncoding = 4; lastKnownFileType = sourcecode.swift; path = HomeScreenMainView.swift; sourceTree = "<group>"; };
		60311C4B26442B14006DD857 /* HomeScreenTableViewCell.swift */ = {isa = PBXFileReference; fileEncoding = 4; lastKnownFileType = sourcecode.swift; path = HomeScreenTableViewCell.swift; sourceTree = "<group>"; };
		60311C4C26442B14006DD857 /* HomeScreenBackgroundView.swift */ = {isa = PBXFileReference; fileEncoding = 4; lastKnownFileType = sourcecode.swift; path = HomeScreenBackgroundView.swift; sourceTree = "<group>"; };
		60311C4D26442B14006DD857 /* StatusCaseView.swift */ = {isa = PBXFileReference; fileEncoding = 4; lastKnownFileType = sourcecode.swift; path = StatusCaseView.swift; sourceTree = "<group>"; };
		60311C4E26442B14006DD857 /* HomeScreenViewController.swift */ = {isa = PBXFileReference; fileEncoding = 4; lastKnownFileType = sourcecode.swift; path = HomeScreenViewController.swift; sourceTree = "<group>"; };
		60311C5026442B14006DD857 /* HomeScreenCoordinator.swift */ = {isa = PBXFileReference; fileEncoding = 4; lastKnownFileType = sourcecode.swift; path = HomeScreenCoordinator.swift; sourceTree = "<group>"; };
		60311C5626442B14006DD857 /* PageComingSoonCoordinator.swift */ = {isa = PBXFileReference; fileEncoding = 4; lastKnownFileType = sourcecode.swift; path = PageComingSoonCoordinator.swift; sourceTree = "<group>"; };
		60311C5826442B14006DD857 /* PageComingSoonViewController.swift */ = {isa = PBXFileReference; fileEncoding = 4; lastKnownFileType = sourcecode.swift; path = PageComingSoonViewController.swift; sourceTree = "<group>"; };
		603F2A1A264F01DC00264779 /* EmptyView.swift */ = {isa = PBXFileReference; lastKnownFileType = sourcecode.swift; path = EmptyView.swift; sourceTree = "<group>"; };
		60438DD3264E6D880064CC0B /* UIColor+Extensions.swift */ = {isa = PBXFileReference; lastKnownFileType = sourcecode.swift; path = "UIColor+Extensions.swift"; sourceTree = "<group>"; };
		60438DD5264E87180064CC0B /* UIImage+Extensions.swift */ = {isa = PBXFileReference; lastKnownFileType = sourcecode.swift; path = "UIImage+Extensions.swift"; sourceTree = "<group>"; };
		6053656C2656508E0024FC91 /* LatestNewsList.json */ = {isa = PBXFileReference; fileEncoding = 4; lastKnownFileType = text.json; path = LatestNewsList.json; sourceTree = "<group>"; };
		60536577265652C80024FC91 /* LatestNewsViewModelTest.swift */ = {isa = PBXFileReference; lastKnownFileType = sourcecode.swift; path = LatestNewsViewModelTest.swift; sourceTree = "<group>"; };
		6066CB7E264BD10800B01B0E /* HomeScreenTableViewHeaderCell.swift */ = {isa = PBXFileReference; lastKnownFileType = sourcecode.swift; path = HomeScreenTableViewHeaderCell.swift; sourceTree = "<group>"; };
		6066CB82264C155200B01B0E /* Colors.xcassets */ = {isa = PBXFileReference; lastKnownFileType = folder.assetcatalog; path = Colors.xcassets; sourceTree = "<group>"; };
		6066CB84264C157800B01B0E /* Images.xcassets */ = {isa = PBXFileReference; lastKnownFileType = folder.assetcatalog; path = Images.xcassets; sourceTree = "<group>"; };
		6094849426511EA400F6ED52 /* DarkModeEmptyStateAnimation.json */ = {isa = PBXFileReference; fileEncoding = 4; lastKnownFileType = text.json; path = DarkModeEmptyStateAnimation.json; sourceTree = "<group>"; };
		6094849526511EA400F6ED52 /* LightModeEmptyStateAnimation.json */ = {isa = PBXFileReference; fileEncoding = 4; lastKnownFileType = text.json; path = LightModeEmptyStateAnimation.json; sourceTree = "<group>"; };
		60AEFFDA264435CA0074B2C3 /* loadingAnimation.json */ = {isa = PBXFileReference; lastKnownFileType = text.json; path = loadingAnimation.json; sourceTree = "<group>"; };
		60AEFFDC2644364E0074B2C3 /* Assets.xcassets */ = {isa = PBXFileReference; lastKnownFileType = folder.assetcatalog; path = Assets.xcassets; sourceTree = "<group>"; };
		60ED182D26473E8E007FEBB7 /* HomeScreenUserInteraction.swift */ = {isa = PBXFileReference; fileEncoding = 4; lastKnownFileType = sourcecode.swift; path = HomeScreenUserInteraction.swift; sourceTree = "<group>"; };
		60ED182E26473E8E007FEBB7 /* HomeScreenInitialization.swift */ = {isa = PBXFileReference; fileEncoding = 4; lastKnownFileType = sourcecode.swift; path = HomeScreenInitialization.swift; sourceTree = "<group>"; };
		60ED182F26473E8E007FEBB7 /* GeneratedMocks.swift */ = {isa = PBXFileReference; fileEncoding = 4; lastKnownFileType = sourcecode.swift; path = GeneratedMocks.swift; sourceTree = "<group>"; };
		60ED183126473E8E007FEBB7 /* CountrySelectionViewModelTest.swift */ = {isa = PBXFileReference; fileEncoding = 4; lastKnownFileType = sourcecode.swift; path = CountrySelectionViewModelTest.swift; sourceTree = "<group>"; };
		60ED183626473F60007FEBB7 /* LaunchScreen.storyboard */ = {isa = PBXFileReference; fileEncoding = 4; lastKnownFileType = file.storyboard; path = LaunchScreen.storyboard; sourceTree = "<group>"; };
		60ED18392647403E007FEBB7 /* Covid19CountryStats.json */ = {isa = PBXFileReference; fileEncoding = 4; lastKnownFileType = text.json; path = Covid19CountryStats.json; sourceTree = "<group>"; };
		60ED183A2647403E007FEBB7 /* Covid19WorldwideStats.json */ = {isa = PBXFileReference; fileEncoding = 4; lastKnownFileType = text.json; path = Covid19WorldwideStats.json; sourceTree = "<group>"; };
		60ED183B2647403E007FEBB7 /* Covid19CountryList.json */ = {isa = PBXFileReference; fileEncoding = 4; lastKnownFileType = text.json; path = Covid19CountryList.json; sourceTree = "<group>"; };
		60ED183F26474061007FEBB7 /* Covid19CountryTotalStats.json */ = {isa = PBXFileReference; lastKnownFileType = text.json; path = Covid19CountryTotalStats.json; sourceTree = "<group>"; };
		60ED9D58264AA9C400E7E807 /* StringUtils.swift */ = {isa = PBXFileReference; lastKnownFileType = sourcecode.swift; path = StringUtils.swift; sourceTree = "<group>"; };
		67E94E7FCB026138087CB563 /* Pods_CoronaVirusApp.framework */ = {isa = PBXFileReference; explicitFileType = wrapper.framework; includeInIndex = 0; path = Pods_CoronaVirusApp.framework; sourceTree = BUILT_PRODUCTS_DIR; };
		A3D7DA5466749BDB208819DF /* Pods-CoronaVirusAppTests.debug.xcconfig */ = {isa = PBXFileReference; includeInIndex = 1; lastKnownFileType = text.xcconfig; name = "Pods-CoronaVirusAppTests.debug.xcconfig"; path = "Target Support Files/Pods-CoronaVirusAppTests/Pods-CoronaVirusAppTests.debug.xcconfig"; sourceTree = "<group>"; };
		A4BB946B51ADEADE41ECCC94 /* Pods-CoronaVirusAppTests.release.xcconfig */ = {isa = PBXFileReference; includeInIndex = 1; lastKnownFileType = text.xcconfig; name = "Pods-CoronaVirusAppTests.release.xcconfig"; path = "Target Support Files/Pods-CoronaVirusAppTests/Pods-CoronaVirusAppTests.release.xcconfig"; sourceTree = "<group>"; };
		ABB97791658E4EEBDDEA6339 /* Pods-CoronaVirusApp.debug.xcconfig */ = {isa = PBXFileReference; includeInIndex = 1; lastKnownFileType = text.xcconfig; name = "Pods-CoronaVirusApp.debug.xcconfig"; path = "Target Support Files/Pods-CoronaVirusApp/Pods-CoronaVirusApp.debug.xcconfig"; sourceTree = "<group>"; };
		E68AE4172489161E429834B8 /* Pods_CoronaVirusAppTests.framework */ = {isa = PBXFileReference; explicitFileType = wrapper.framework; includeInIndex = 0; path = Pods_CoronaVirusAppTests.framework; sourceTree = BUILT_PRODUCTS_DIR; };
		FDC3E2CC32FBB3066E3F8168 /* Pods-CoronaVirusApp.release.xcconfig */ = {isa = PBXFileReference; includeInIndex = 1; lastKnownFileType = text.xcconfig; name = "Pods-CoronaVirusApp.release.xcconfig"; path = "Target Support Files/Pods-CoronaVirusApp/Pods-CoronaVirusApp.release.xcconfig"; sourceTree = "<group>"; };
/* End PBXFileReference section */

/* Begin PBXFrameworksBuildPhase section */
		602F4C582600CB860034A798 /* Frameworks */ = {
			isa = PBXFrameworksBuildPhase;
			buildActionMask = 2147483647;
			files = (
				F726305C1EAC6FC0130DD7C3 /* Pods_CoronaVirusApp.framework in Frameworks */,
			);
			runOnlyForDeploymentPostprocessing = 0;
		};
		602F4C6E2600CB870034A798 /* Frameworks */ = {
			isa = PBXFrameworksBuildPhase;
			buildActionMask = 2147483647;
			files = (
				B762BAFA626927774FB1EE54 /* Pods_CoronaVirusAppTests.framework in Frameworks */,
			);
			runOnlyForDeploymentPostprocessing = 0;
		};
/* End PBXFrameworksBuildPhase section */

/* Begin PBXGroup section */
		0263E41526493C490048C2D6 /* CustomCell */ = {
			isa = PBXGroup;
			children = (
				0263E41626493C490048C2D6 /* CountryTableViewCell.swift */,
				0263E41726493C490048C2D6 /* EmptyStateTableViewCell.swift */,
				0263E41826493C490048C2D6 /* WorldwideTableViewCell.swift */,
			);
			path = CustomCell;
			sourceTree = "<group>";
		};
		02D5FB1826492AB8004B6BA3 /* StatisticsScreen */ = {
			isa = PBXGroup;
			children = (
				02D5FB1C26492AE2004B6BA3 /* ViewModel */,
				02D5FB1B26492ADB004B6BA3 /* View */,
				02D5FB1A26492AD6004B6BA3 /* Model */,
				02D5FB1926492ACD004B6BA3 /* Coordinator */,
			);
			path = StatisticsScreen;
			sourceTree = "<group>";
		};
		02D5FB1926492ACD004B6BA3 /* Coordinator */ = {
			isa = PBXGroup;
			children = (
				02D5FB1D26492AFC004B6BA3 /* StatisticsScreenCoordinator.swift */,
				0255A0A626529F2800432775 /* StatisticsScreenCoordinatorDelegate.swift */,
			);
			path = Coordinator;
			sourceTree = "<group>";
		};
		02D5FB1A26492AD6004B6BA3 /* Model */ = {
			isa = PBXGroup;
			children = (
				02D5FB2326492B2A004B6BA3 /* NavigationInformation.swift */,
				02D5FB2826492B44004B6BA3 /* StatsDomainItem.swift */,
				02D5FB2E26492B4F004B6BA3 /* StatsDomainItemDetail.swift */,
			);
			path = Model;
			sourceTree = "<group>";
		};
		02D5FB1B26492ADB004B6BA3 /* View */ = {
			isa = PBXGroup;
			children = (
				02D5FB3926492BC0004B6BA3 /* Subviews */,
				02D5FB4426492C0E004B6BA3 /* StatisticsScreenViewController.swift */,
			);
			path = View;
			sourceTree = "<group>";
		};
		02D5FB1C26492AE2004B6BA3 /* ViewModel */ = {
			isa = PBXGroup;
			children = (
				02D5FB3326492B92004B6BA3 /* StatisticsScreenViewModel.swift */,
			);
			path = ViewModel;
			sourceTree = "<group>";
		};
		02D5FB3926492BC0004B6BA3 /* Subviews */ = {
			isa = PBXGroup;
			children = (
				02D5FB3A26492BE2004B6BA3 /* SingleStatView.swift */,
				02D5FB4026492BEE004B6BA3 /* StatsCardView.swift */,
			);
			path = Subviews;
			sourceTree = "<group>";
		};
		02EA80F22645D8DA0034A380 /* WebView */ = {
			isa = PBXGroup;
			children = (
				02EA80F32645D8DA0034A380 /* ViewModel */,
				02EA80F52645D8DA0034A380 /* Coordinator */,
				02EA80F72645D8DA0034A380 /* View */,
			);
			path = WebView;
			sourceTree = "<group>";
		};
		02EA80F32645D8DA0034A380 /* ViewModel */ = {
			isa = PBXGroup;
			children = (
				02EA80F42645D8DA0034A380 /* WebViewViewModel.swift */,
			);
			path = ViewModel;
			sourceTree = "<group>";
		};
		02EA80F52645D8DA0034A380 /* Coordinator */ = {
			isa = PBXGroup;
			children = (
				02EA80F62645D8DA0034A380 /* WebViewCoordinator.swift */,
			);
			path = Coordinator;
			sourceTree = "<group>";
		};
		02EA80F72645D8DA0034A380 /* View */ = {
			isa = PBXGroup;
			children = (
				02EA80F82645D8DA0034A380 /* WebViewViewController.swift */,
			);
			path = View;
			sourceTree = "<group>";
		};
		02EA80F92645D8DA0034A380 /* LatestNews */ = {
			isa = PBXGroup;
			children = (
				02EA80FA2645D8DA0034A380 /* ViewModel */,
				02EA80FC2645D8DA0034A380 /* Repository */,
				02EA80FE2645D8DA0034A380 /* Coordinator */,
				02EA81012645D8DA0034A380 /* Model */,
				02EA81062645D8DA0034A380 /* View */,
			);
			path = LatestNews;
			sourceTree = "<group>";
		};
		02EA80FA2645D8DA0034A380 /* ViewModel */ = {
			isa = PBXGroup;
			children = (
				02EA80FB2645D8DA0034A380 /* LatestNewsViewModel.swift */,
			);
			path = ViewModel;
			sourceTree = "<group>";
		};
		02EA80FC2645D8DA0034A380 /* Repository */ = {
			isa = PBXGroup;
			children = (
				02EA80FD2645D8DA0034A380 /* LatestNewsRepository.swift */,
			);
			path = Repository;
			sourceTree = "<group>";
		};
		02EA80FE2645D8DA0034A380 /* Coordinator */ = {
			isa = PBXGroup;
			children = (
				02EA80FF2645D8DA0034A380 /* LatesNewsCoordinator.swift */,
				02EA81002645D8DA0034A380 /* LatestNewsCoordinatorDelegate.swift */,
			);
			path = Coordinator;
			sourceTree = "<group>";
		};
		02EA81012645D8DA0034A380 /* Model */ = {
			isa = PBXGroup;
			children = (
				02EA81022645D8DA0034A380 /* LatestNewsResponseItem.swift */,
				02EA81032645D8DA0034A380 /* PaginationInformation.swift */,
				02EA81042645D8DA0034A380 /* Article.swift */,
				02EA81052645D8DA0034A380 /* LatestNewsDomainItem.swift */,
			);
			path = Model;
			sourceTree = "<group>";
		};
		02EA81062645D8DA0034A380 /* View */ = {
			isa = PBXGroup;
			children = (
				02EA81072645D8DA0034A380 /* LatestNewsViewController.swift */,
				02EA81082645D8DA0034A380 /* Subviews */,
			);
			path = View;
			sourceTree = "<group>";
		};
		02EA81082645D8DA0034A380 /* Subviews */ = {
			isa = PBXGroup;
			children = (
				02EA81092645D8DA0034A380 /* LatestNewsBackgroundView.swift */,
				02EA810A2645D8DA0034A380 /* CustomCells */,
			);
			path = Subviews;
			sourceTree = "<group>";
		};
		02EA810A2645D8DA0034A380 /* CustomCells */ = {
			isa = PBXGroup;
			children = (
				02EA810B2645D8DA0034A380 /* LatestNewsTableViewCell.swift */,
			);
			path = CustomCells;
			sourceTree = "<group>";
		};
		177F832A5D32E8BEF54B406A /* Frameworks */ = {
			isa = PBXGroup;
			children = (
				67E94E7FCB026138087CB563 /* Pods_CoronaVirusApp.framework */,
				E68AE4172489161E429834B8 /* Pods_CoronaVirusAppTests.framework */,
			);
			name = Frameworks;
			sourceTree = "<group>";
		};
		333D94AFF454D15CC16DEF5A /* Pods */ = {
			isa = PBXGroup;
			children = (
				605811272643DE070086E00D /* Headers */,
				605811262643DE070086E00D /* Local Podspecs */,
				605811252643DE070086E00D /* Target Support Files */,
				ABB97791658E4EEBDDEA6339 /* Pods-CoronaVirusApp.debug.xcconfig */,
				FDC3E2CC32FBB3066E3F8168 /* Pods-CoronaVirusApp.release.xcconfig */,
				A3D7DA5466749BDB208819DF /* Pods-CoronaVirusAppTests.debug.xcconfig */,
				A4BB946B51ADEADE41ECCC94 /* Pods-CoronaVirusAppTests.release.xcconfig */,
			);
			path = Pods;
			sourceTree = "<group>";
		};
		6000AE1B26309E3F004AC593 /* Model */ = {
			isa = PBXGroup;
			children = (
				60311BC1264428D9006DD857 /* CountryListResponseItem.swift */,
				60311BC3264428D9006DD857 /* CountryResponseItem.swift */,
				60311BC2264428D9006DD857 /* CountryStatus.swift */,
				60311BC4264428D9006DD857 /* Global.swift */,
				60311BC5264428DA006DD857 /* WorldwideResponseItem.swift */,
			);
			path = Model;
			sourceTree = "<group>";
		};
		601C2F2D26565A89000C9D42 /* StatsScreenUnitTests */ = {
			isa = PBXGroup;
			children = (
				601C2F2E26565AAA000C9D42 /* StatisticsScreenInitialization.swift */,
			);
			path = StatsScreenUnitTests;
			sourceTree = "<group>";
		};
		601C2F3026566E50000C9D42 /* Assets */ = {
			isa = PBXGroup;
			children = (
				6066CB86264C165000B01B0E /* Animations */,
				6066CB84264C157800B01B0E /* Images.xcassets */,
				60AEFFDC2644364E0074B2C3 /* Assets.xcassets */,
				6066CB82264C155200B01B0E /* Colors.xcassets */,
			);
			path = Assets;
			sourceTree = "<group>";
		};
		602A813B261779D000E3516A /* Common */ = {
			isa = PBXGroup;
			children = (
				60311C0226442AF5006DD857 /* LoadingScreen */,
				60311BF926442AEE006DD857 /* ErrorManagement */,
				609EB1AA26370DD80032B8E4 /* Model */,
				603D11FF26297E14000B1C6C /* Utils */,
				602A81952617AE6000E3516A /* UserDefaults */,
				602A813D261779D000E3516A /* Networking */,
				602A8149261779D000E3516A /* Extensions */,
				602A8151261779D000E3516A /* Protocols */,
			);
			path = Common;
			sourceTree = "<group>";
		};
		602A813D261779D000E3516A /* Networking */ = {
			isa = PBXGroup;
			children = (
				60311BD6264428F2006DD857 /* RestEndpoints.swift */,
				60311BD7264428F2006DD857 /* RestManager.swift */,
				60311BD5264428F2006DD857 /* SerializationManager.swift */,
				60DBC69B2632B5AC00124ADA /* Repositories */,
				6000AE1B26309E3F004AC593 /* Model */,
			);
			path = Networking;
			sourceTree = "<group>";
		};
		602A8149261779D000E3516A /* Extensions */ = {
			isa = PBXGroup;
			children = (
				60311BB9264428D0006DD857 /* UIImageView+Extensions.swift */,
				60311BB8264428D0006DD857 /* UIStackView+Extensions.swift */,
				60311BB5264428D0006DD857 /* UITableView+Extensions.swift */,
				60311BBA264428D0006DD857 /* UITableViewCell+Extensions.swift */,
				60311BB7264428D0006DD857 /* UIView+Extensions.swift */,
				60311BB6264428D0006DD857 /* UserDefaults+Extensions.swift */,
				60438DD3264E6D880064CC0B /* UIColor+Extensions.swift */,
				60438DD5264E87180064CC0B /* UIImage+Extensions.swift */,
			);
			path = Extensions;
			sourceTree = "<group>";
		};
		602A8151261779D000E3516A /* Protocols */ = {
			isa = PBXGroup;
			children = (
				60311BF726442AA9006DD857 /* CountrySelectionHandler.swift */,
				60311BAD264428C4006DD857 /* Coordinator.swift */,
				60311BA7264428C4006DD857 /* CoordinatorDelegate.swift */,
				60311BAA264428C4006DD857 /* Covid19Repository.swift */,
				60311BA9264428C4006DD857 /* ObjectSavable.swift */,
				60311BAB264428C4006DD857 /* ParentCoordinatorDelegate.swift */,
				60311BAC264428C4006DD857 /* ReusableView.swift */,
			);
			path = Protocols;
			sourceTree = "<group>";
		};
		602A81952617AE6000E3516A /* UserDefaults */ = {
			isa = PBXGroup;
			children = (
				60311BDC26442900006DD857 /* Model */,
				60311BDB26442900006DD857 /* UserDefaultsService.swift */,
			);
			path = UserDefaults;
			sourceTree = "<group>";
		};
		602F4C522600CB860034A798 = {
			isa = PBXGroup;
			children = (
				602F4C5D2600CB860034A798 /* CoronaVirusApp */,
				602F4C742600CB870034A798 /* CoronaVirusAppTests */,
				602F4C5C2600CB860034A798 /* Products */,
				333D94AFF454D15CC16DEF5A /* Pods */,
				177F832A5D32E8BEF54B406A /* Frameworks */,
				60BBBA2F263AA43900AD8C2F /* Recovered References */,
			);
			sourceTree = "<group>";
		};
		602F4C5C2600CB860034A798 /* Products */ = {
			isa = PBXGroup;
			children = (
				602F4C5B2600CB860034A798 /* CoronaVirusApp.app */,
				602F4C712600CB870034A798 /* CoronaVirusAppTests.xctest */,
			);
			name = Products;
			sourceTree = "<group>";
		};
		602F4C5D2600CB860034A798 /* CoronaVirusApp */ = {
			isa = PBXGroup;
			children = (
				60D1BD9B2611BE77005819C2 /* Modules */,
				602A813B261779D000E3516A /* Common */,
				602F4C9A2600CBD30034A798 /* Support */,
			);
			path = CoronaVirusApp;
			sourceTree = "<group>";
		};
		602F4C742600CB870034A798 /* CoronaVirusAppTests */ = {
			isa = PBXGroup;
			children = (
				601C2F2D26565A89000C9D42 /* StatsScreenUnitTests */,
				60ED182F26473E8E007FEBB7 /* GeneratedMocks.swift */,
				60536576265652B40024FC91 /* LatestNewsUnitTests */,
				60ED18382647403E007FEBB7 /* JSONMocks */,
				60ED183026473E8E007FEBB7 /* CountrySelectionUnitTests */,
				60ED182C26473E8E007FEBB7 /* HomeScreenUnitTests */,
				602F4C772600CB870034A798 /* Info.plist */,
			);
			path = CoronaVirusAppTests;
			sourceTree = "<group>";
		};
		602F4C9A2600CBD30034A798 /* Support */ = {
			isa = PBXGroup;
			children = (
				601C2F3026566E50000C9D42 /* Assets */,
				60ED183626473F60007FEBB7 /* LaunchScreen.storyboard */,
				60311BA5264428B1006DD857 /* AppCoordinator.swift */,
				602F4C5E2600CB860034A798 /* AppDelegate.swift */,
				602F4C6C2600CB870034A798 /* Info.plist */,
			);
			path = Support;
			sourceTree = "<group>";
		};
		60311BDC26442900006DD857 /* Model */ = {
			isa = PBXGroup;
			children = (
				60311BDD26442900006DD857 /* ObjectSavableError.swift */,
				60311BDE26442900006DD857 /* UserDefaultsDomainItem.swift */,
			);
			path = Model;
			sourceTree = "<group>";
		};
		60311BF926442AEE006DD857 /* ErrorManagement */ = {
			isa = PBXGroup;
			children = (
				60311BFA26442AEE006DD857 /* View */,
				60311BFC26442AEE006DD857 /* Protocols */,
			);
			path = ErrorManagement;
			sourceTree = "<group>";
		};
		60311BFA26442AEE006DD857 /* View */ = {
			isa = PBXGroup;
			children = (
				60311BFB26442AEE006DD857 /* ErrorView.swift */,
				603F2A1A264F01DC00264779 /* EmptyView.swift */,
			);
			path = View;
			sourceTree = "<group>";
		};
		60311BFC26442AEE006DD857 /* Protocols */ = {
			isa = PBXGroup;
			children = (
				60311BFD26442AEE006DD857 /* ErrorableViewController.swift */,
				60311BFE26442AEE006DD857 /* ErrorableViewModel.swift */,
				6018001C2654FD1300CD7515 /* RemovableView.swift */,
			);
			path = Protocols;
			sourceTree = "<group>";
		};
		60311C0226442AF5006DD857 /* LoadingScreen */ = {
			isa = PBXGroup;
			children = (
				60311C0326442AF5006DD857 /* View */,
				60311C0626442AF5006DD857 /* Protocols */,
			);
			path = LoadingScreen;
			sourceTree = "<group>";
		};
		60311C0326442AF5006DD857 /* View */ = {
			isa = PBXGroup;
			children = (
				60311C0426442AF5006DD857 /* LoaderOverlay.swift */,
				60311C0526442AF5006DD857 /* LoaderView.swift */,
			);
			path = View;
			sourceTree = "<group>";
		};
		60311C0626442AF5006DD857 /* Protocols */ = {
			isa = PBXGroup;
			children = (
				60311C0726442AF5006DD857 /* LoaderViewModel.swift */,
				60311C0826442AF5006DD857 /* LoadableViewController.swift */,
			);
			path = Protocols;
			sourceTree = "<group>";
		};
		60311C2626442B14006DD857 /* CountrySelection */ = {
			isa = PBXGroup;
			children = (
				60311C2726442B14006DD857 /* ViewModel */,
				60311C2926442B14006DD857 /* Coordinator */,
				60311C2B26442B14006DD857 /* Model */,
				60311C2F26442B14006DD857 /* View */,
			);
			path = CountrySelection;
			sourceTree = "<group>";
		};
		60311C2726442B14006DD857 /* ViewModel */ = {
			isa = PBXGroup;
			children = (
				60311C2826442B14006DD857 /* CountrySelectionViewModel.swift */,
			);
			path = ViewModel;
			sourceTree = "<group>";
		};
		60311C2926442B14006DD857 /* Coordinator */ = {
			isa = PBXGroup;
			children = (
				60311C2A26442B14006DD857 /* CountrySelectionCoordinator.swift */,
			);
			path = Coordinator;
			sourceTree = "<group>";
		};
		60311C2B26442B14006DD857 /* Model */ = {
			isa = PBXGroup;
			children = (
				60311C2C26442B14006DD857 /* Models */,
			);
			path = Model;
			sourceTree = "<group>";
		};
		60311C2C26442B14006DD857 /* Models */ = {
			isa = PBXGroup;
			children = (
				60311C2D26442B14006DD857 /* CellType.swift */,
				60311C2E26442B14006DD857 /* CountrySelectionModel.swift */,
			);
			path = Models;
			sourceTree = "<group>";
		};
		60311C2F26442B14006DD857 /* View */ = {
			isa = PBXGroup;
			children = (
				60311C3026442B14006DD857 /* Subviews */,
				60311C3526442B14006DD857 /* ViewController */,
			);
			path = View;
			sourceTree = "<group>";
		};
		60311C3026442B14006DD857 /* Subviews */ = {
			isa = PBXGroup;
			children = (
				0263E41526493C490048C2D6 /* CustomCell */,
			);
			path = Subviews;
			sourceTree = "<group>";
		};
		60311C3526442B14006DD857 /* ViewController */ = {
			isa = PBXGroup;
			children = (
				60311C3626442B14006DD857 /* CountrySelectionViewController.swift */,
			);
			path = ViewController;
			sourceTree = "<group>";
		};
		60311C3726442B14006DD857 /* MainContainer */ = {
			isa = PBXGroup;
			children = (
				60311C3826442B14006DD857 /* Coordinator */,
				60311C3A26442B14006DD857 /* Model */,
				60311C3C26442B14006DD857 /* View */,
			);
			path = MainContainer;
			sourceTree = "<group>";
		};
		60311C3826442B14006DD857 /* Coordinator */ = {
			isa = PBXGroup;
			children = (
				60311C3926442B14006DD857 /* TabBarCoordinator.swift */,
			);
			path = Coordinator;
			sourceTree = "<group>";
		};
		60311C3A26442B14006DD857 /* Model */ = {
			isa = PBXGroup;
			children = (
				60311C3B26442B14006DD857 /* TabBarPage.swift */,
			);
			path = Model;
			sourceTree = "<group>";
		};
		60311C3C26442B14006DD857 /* View */ = {
			isa = PBXGroup;
			children = (
				60311C3D26442B14006DD857 /* TabBarViewController.swift */,
			);
			path = View;
			sourceTree = "<group>";
		};
		60311C3E26442B14006DD857 /* HomeScreen */ = {
			isa = PBXGroup;
			children = (
				60311C3F26442B14006DD857 /* ViewModel */,
				60311C4126442B14006DD857 /* Coordinators */,
				60311C4326442B14006DD857 /* Model */,
				60311C4626442B14006DD857 /* View */,
				60311C4F26442B14006DD857 /* Protocols */,
			);
			path = HomeScreen;
			sourceTree = "<group>";
		};
		60311C3F26442B14006DD857 /* ViewModel */ = {
			isa = PBXGroup;
			children = (
				60311C4026442B14006DD857 /* HomeScreenViewModel.swift */,
			);
			path = ViewModel;
			sourceTree = "<group>";
		};
		60311C4126442B14006DD857 /* Coordinators */ = {
			isa = PBXGroup;
			children = (
				60311C4226442B14006DD857 /* HomeScreenCoordinatorImpl.swift */,
			);
			path = Coordinators;
			sourceTree = "<group>";
		};
		60311C4326442B14006DD857 /* Model */ = {
			isa = PBXGroup;
			children = (
				60311C4426442B14006DD857 /* HomeScreenDomainItemDetail.swift */,
				60311C4526442B14006DD857 /* HomeScreenDomainItem.swift */,
				60180024265563B900CD7515 /* LoadState.swift */,
			);
			path = Model;
			sourceTree = "<group>";
		};
		60311C4626442B14006DD857 /* View */ = {
			isa = PBXGroup;
			children = (
				60311C4726442B14006DD857 /* Views */,
				60311C4E26442B14006DD857 /* HomeScreenViewController.swift */,
			);
			path = View;
			sourceTree = "<group>";
		};
		60311C4726442B14006DD857 /* Views */ = {
			isa = PBXGroup;
			children = (
				60311C4826442B14006DD857 /* HomeScreenMiddleView.swift */,
				60311C4926442B14006DD857 /* HomeScreenHeaderView.swift */,
				60311C4A26442B14006DD857 /* HomeScreenMainView.swift */,
				60311C4B26442B14006DD857 /* HomeScreenTableViewCell.swift */,
				60311C4C26442B14006DD857 /* HomeScreenBackgroundView.swift */,
				60311C4D26442B14006DD857 /* StatusCaseView.swift */,
				6066CB7E264BD10800B01B0E /* HomeScreenTableViewHeaderCell.swift */,
			);
			path = Views;
			sourceTree = "<group>";
		};
		60311C4F26442B14006DD857 /* Protocols */ = {
			isa = PBXGroup;
			children = (
				60311C5026442B14006DD857 /* HomeScreenCoordinator.swift */,
			);
			path = Protocols;
			sourceTree = "<group>";
		};
		60311C5426442B14006DD857 /* PageComingSoon */ = {
			isa = PBXGroup;
			children = (
				60311C5526442B14006DD857 /* Coordinators */,
				60311C5726442B14006DD857 /* Views */,
			);
			path = PageComingSoon;
			sourceTree = "<group>";
		};
		60311C5526442B14006DD857 /* Coordinators */ = {
			isa = PBXGroup;
			children = (
				60311C5626442B14006DD857 /* PageComingSoonCoordinator.swift */,
			);
			path = Coordinators;
			sourceTree = "<group>";
		};
		60311C5726442B14006DD857 /* Views */ = {
			isa = PBXGroup;
			children = (
				60311C5826442B14006DD857 /* PageComingSoonViewController.swift */,
			);
			path = Views;
			sourceTree = "<group>";
		};
		603D11FF26297E14000B1C6C /* Utils */ = {
			isa = PBXGroup;
			children = (
				60311BE32644290A006DD857 /* DateUtils.swift */,
				60311BE22644290A006DD857 /* NumberUtils.swift */,
				60ED9D58264AA9C400E7E807 /* StringUtils.swift */,
			);
			path = Utils;
			sourceTree = "<group>";
		};
		60536576265652B40024FC91 /* LatestNewsUnitTests */ = {
			isa = PBXGroup;
			children = (
				60536577265652C80024FC91 /* LatestNewsViewModelTest.swift */,
			);
			path = LatestNewsUnitTests;
			sourceTree = "<group>";
		};
		605811252643DE070086E00D /* Target Support Files */ = {
			isa = PBXGroup;
			children = (
			);
			path = "Target Support Files";
			sourceTree = "<group>";
		};
		605811262643DE070086E00D /* Local Podspecs */ = {
			isa = PBXGroup;
			children = (
			);
			path = "Local Podspecs";
			sourceTree = "<group>";
		};
		605811272643DE070086E00D /* Headers */ = {
			isa = PBXGroup;
			children = (
			);
			path = Headers;
			sourceTree = "<group>";
		};
		6066CB86264C165000B01B0E /* Animations */ = {
			isa = PBXGroup;
			children = (
				6018001E26550EFD00CD7515 /* DarkModeEmptyStateAnimation.json */,
				6018001F26550EFD00CD7515 /* LightModeEmptyStateAnimation.json */,
				60AEFFDA264435CA0074B2C3 /* loadingAnimation.json */,
			);
			path = Animations;
			sourceTree = "<group>";
		};
		609EB1AA26370DD80032B8E4 /* Model */ = {
			isa = PBXGroup;
			children = (
				60311BE926442913006DD857 /* ErrorType.swift */,
				60311BE826442913006DD857 /* UseCaseSelection.swift */,
			);
			path = Model;
			sourceTree = "<group>";
		};
		60BBBA2F263AA43900AD8C2F /* Recovered References */ = {
			isa = PBXGroup;
			children = (
				025AF7FF26455EC9009081AD /* LatestNewsGeneratedMocks.swift */,
				02436FF42645568D00C89A1B /* LatestNewsViewModelTest.swift */,
				02437003264557E600C89A1B /* LatestNewsList.json */,
				6094849426511EA400F6ED52 /* DarkModeEmptyStateAnimation.json */,
				6094849526511EA400F6ED52 /* LightModeEmptyStateAnimation.json */,
			);
			name = "Recovered References";
			sourceTree = "<group>";
		};
		60D1BD9B2611BE77005819C2 /* Modules */ = {
			isa = PBXGroup;
			children = (
				02D5FB1826492AB8004B6BA3 /* StatisticsScreen */,
				60311C2626442B14006DD857 /* CountrySelection */,
				60311C3E26442B14006DD857 /* HomeScreen */,
				60311C3726442B14006DD857 /* MainContainer */,
				60311C5426442B14006DD857 /* PageComingSoon */,
				02EA80F92645D8DA0034A380 /* LatestNews */,
				02EA80F22645D8DA0034A380 /* WebView */,
			);
			path = Modules;
			sourceTree = "<group>";
		};
		60DBC69B2632B5AC00124ADA /* Repositories */ = {
			isa = PBXGroup;
			children = (
				60311BCF264428E3006DD857 /* Covid19RepositoryImpl.swift */,
			);
			path = Repositories;
			sourceTree = "<group>";
		};
		60ED182C26473E8E007FEBB7 /* HomeScreenUnitTests */ = {
			isa = PBXGroup;
			children = (
				60ED182D26473E8E007FEBB7 /* HomeScreenUserInteraction.swift */,
				60ED182E26473E8E007FEBB7 /* HomeScreenInitialization.swift */,
			);
			path = HomeScreenUnitTests;
			sourceTree = "<group>";
		};
		60ED183026473E8E007FEBB7 /* CountrySelectionUnitTests */ = {
			isa = PBXGroup;
			children = (
				60ED183126473E8E007FEBB7 /* CountrySelectionViewModelTest.swift */,
			);
			path = CountrySelectionUnitTests;
			sourceTree = "<group>";
		};
		60ED18382647403E007FEBB7 /* JSONMocks */ = {
			isa = PBXGroup;
			children = (
				6053656C2656508E0024FC91 /* LatestNewsList.json */,
				60ED18392647403E007FEBB7 /* Covid19CountryStats.json */,
				60ED183A2647403E007FEBB7 /* Covid19WorldwideStats.json */,
				60ED183B2647403E007FEBB7 /* Covid19CountryList.json */,
				60ED183F26474061007FEBB7 /* Covid19CountryTotalStats.json */,
			);
			path = JSONMocks;
			sourceTree = "<group>";
		};
/* End PBXGroup section */

/* Begin PBXNativeTarget section */
		602F4C5A2600CB860034A798 /* CoronaVirusApp */ = {
			isa = PBXNativeTarget;
			buildConfigurationList = 602F4C852600CB870034A798 /* Build configuration list for PBXNativeTarget "CoronaVirusApp" */;
			buildPhases = (
				F45EB3AAE70841AA8B77C22B /* [CP] Check Pods Manifest.lock */,
				602F4C572600CB860034A798 /* Sources */,
				602F4C582600CB860034A798 /* Frameworks */,
				602F4C592600CB860034A798 /* Resources */,
				D25F71D401592FA03A5559C2 /* [CP] Embed Pods Frameworks */,
			);
			buildRules = (
			);
			dependencies = (
			);
			name = CoronaVirusApp;
			productName = CoronaVirusApp;
			productReference = 602F4C5B2600CB860034A798 /* CoronaVirusApp.app */;
			productType = "com.apple.product-type.application";
		};
		602F4C702600CB870034A798 /* CoronaVirusAppTests */ = {
			isa = PBXNativeTarget;
			buildConfigurationList = 602F4C882600CB870034A798 /* Build configuration list for PBXNativeTarget "CoronaVirusAppTests" */;
			buildPhases = (
				2B5E3FF38E0221CDCB5E07D9 /* [CP] Check Pods Manifest.lock */,
				60ED182926473CC6007FEBB7 /* ShellScript */,
				602F4C6D2600CB870034A798 /* Sources */,
				602F4C6E2600CB870034A798 /* Frameworks */,
				602F4C6F2600CB870034A798 /* Resources */,
				0A8B196AC97C32BEA88ABF42 /* [CP] Embed Pods Frameworks */,
			);
			buildRules = (
			);
			dependencies = (
				602F4C732600CB870034A798 /* PBXTargetDependency */,
			);
			name = CoronaVirusAppTests;
			productName = CoronaVirusAppTests;
			productReference = 602F4C712600CB870034A798 /* CoronaVirusAppTests.xctest */;
			productType = "com.apple.product-type.bundle.unit-test";
		};
/* End PBXNativeTarget section */

/* Begin PBXProject section */
		602F4C532600CB860034A798 /* Project object */ = {
			isa = PBXProject;
			attributes = {
				LastSwiftUpdateCheck = 1240;
				LastUpgradeCheck = 1240;
				TargetAttributes = {
					602F4C5A2600CB860034A798 = {
						CreatedOnToolsVersion = 12.4;
					};
					602F4C702600CB870034A798 = {
						CreatedOnToolsVersion = 12.4;
						LastSwiftMigration = 1250;
						TestTargetID = 602F4C5A2600CB860034A798;
					};
				};
			};
			buildConfigurationList = 602F4C562600CB860034A798 /* Build configuration list for PBXProject "CoronaVirusApp" */;
			compatibilityVersion = "Xcode 9.3";
			developmentRegion = en;
			hasScannedForEncodings = 0;
			knownRegions = (
				en,
				Base,
			);
			mainGroup = 602F4C522600CB860034A798;
			productRefGroup = 602F4C5C2600CB860034A798 /* Products */;
			projectDirPath = "";
			projectRoot = "";
			targets = (
				602F4C5A2600CB860034A798 /* CoronaVirusApp */,
				602F4C702600CB870034A798 /* CoronaVirusAppTests */,
			);
		};
/* End PBXProject section */

/* Begin PBXResourcesBuildPhase section */
		602F4C592600CB860034A798 /* Resources */ = {
			isa = PBXResourcesBuildPhase;
			buildActionMask = 2147483647;
			files = (
				60ED183726473F60007FEBB7 /* LaunchScreen.storyboard in Resources */,
				6066CB85264C157800B01B0E /* Images.xcassets in Resources */,
				6066CB83264C155200B01B0E /* Colors.xcassets in Resources */,
				60AEFFDB264435CA0074B2C3 /* loadingAnimation.json in Resources */,
				60AEFFE02644364E0074B2C3 /* Assets.xcassets in Resources */,
				6018002026550EFD00CD7515 /* DarkModeEmptyStateAnimation.json in Resources */,
				6018002126550EFD00CD7515 /* LightModeEmptyStateAnimation.json in Resources */,
			);
			runOnlyForDeploymentPostprocessing = 0;
		};
		602F4C6F2600CB870034A798 /* Resources */ = {
			isa = PBXResourcesBuildPhase;
			buildActionMask = 2147483647;
			files = (
				60ED183C2647403E007FEBB7 /* Covid19CountryStats.json in Resources */,
				60ED183D2647403E007FEBB7 /* Covid19WorldwideStats.json in Resources */,
				60ED183E2647403E007FEBB7 /* Covid19CountryList.json in Resources */,
				60ED184026474061007FEBB7 /* Covid19CountryTotalStats.json in Resources */,
				6053656F2656508E0024FC91 /* LatestNewsList.json in Resources */,
			);
			runOnlyForDeploymentPostprocessing = 0;
		};
/* End PBXResourcesBuildPhase section */

/* Begin PBXShellScriptBuildPhase section */
		0A8B196AC97C32BEA88ABF42 /* [CP] Embed Pods Frameworks */ = {
			isa = PBXShellScriptBuildPhase;
			buildActionMask = 2147483647;
			files = (
			);
			inputFileListPaths = (
				"${PODS_ROOT}/Target Support Files/Pods-CoronaVirusAppTests/Pods-CoronaVirusAppTests-frameworks-${CONFIGURATION}-input-files.xcfilelist",
			);
			name = "[CP] Embed Pods Frameworks";
			outputFileListPaths = (
				"${PODS_ROOT}/Target Support Files/Pods-CoronaVirusAppTests/Pods-CoronaVirusAppTests-frameworks-${CONFIGURATION}-output-files.xcfilelist",
			);
			runOnlyForDeploymentPostprocessing = 0;
			shellPath = /bin/sh;
			shellScript = "\"${PODS_ROOT}/Target Support Files/Pods-CoronaVirusAppTests/Pods-CoronaVirusAppTests-frameworks.sh\"\n";
			showEnvVarsInLog = 0;
		};
		2B5E3FF38E0221CDCB5E07D9 /* [CP] Check Pods Manifest.lock */ = {
			isa = PBXShellScriptBuildPhase;
			buildActionMask = 2147483647;
			files = (
			);
			inputFileListPaths = (
			);
			inputPaths = (
				"${PODS_PODFILE_DIR_PATH}/Podfile.lock",
				"${PODS_ROOT}/Manifest.lock",
			);
			name = "[CP] Check Pods Manifest.lock";
			outputFileListPaths = (
			);
			outputPaths = (
				"$(DERIVED_FILE_DIR)/Pods-CoronaVirusAppTests-checkManifestLockResult.txt",
			);
			runOnlyForDeploymentPostprocessing = 0;
			shellPath = /bin/sh;
			shellScript = "diff \"${PODS_PODFILE_DIR_PATH}/Podfile.lock\" \"${PODS_ROOT}/Manifest.lock\" > /dev/null\nif [ $? != 0 ] ; then\n    # print error to STDERR\n    echo \"error: The sandbox is not in sync with the Podfile.lock. Run 'pod install' or update your CocoaPods installation.\" >&2\n    exit 1\nfi\n# This output is used by Xcode 'outputs' to avoid re-running this script phase.\necho \"SUCCESS\" > \"${SCRIPT_OUTPUT_FILE_0}\"\n";
			showEnvVarsInLog = 0;
		};
		60ED182926473CC6007FEBB7 /* ShellScript */ = {
			isa = PBXShellScriptBuildPhase;
			buildActionMask = 2147483647;
			files = (
			);
			inputFileListPaths = (
			);
			inputPaths = (
				"${PROJECT_DIR}/${PROJECT_NAME}/Common/Networking/Repositories/Covid19RepositoryImpl.swift",
				"${PROJECT_DIR}/${PROJECT_NAME}/Modules/HomeScreen/Coordinators/HomeScreenCoordinatorImpl.swift",
				"${PROJECT_DIR}/${PROJECT_NAME}/Modules/CountrySelection/Coordinators/CountrySelectionCoordinator.swift",
				"${PROJECT_DIR}/${PROJECT_NAME}/Modules/LatestNews/ViewModel/LatestNewsViewModel.swift",
				"${PROJECT_DIR}/${PROJECT_NAME}/Modules/StatisticsScreen/Coordinator/StatisticsScreenCoordinator.swift",
			);
			outputFileListPaths = (
			);
			outputPaths = (
				"${PROJECT_DIR}/${PROJECT_NAME}Tests/GeneratedMocks.swift",
			);
			runOnlyForDeploymentPostprocessing = 0;
			shellPath = /bin/sh;
			shellScript = "# Define output file. Change \"${PROJECT_DIR}/${PROJECT_NAME}Tests\" to your test's root source folder, if it's not the default name.\nOUTPUT_FILE=\"${PROJECT_DIR}/${PROJECT_NAME}Tests/GeneratedMocks.swift\"\necho \"Generated Mocks File = ${OUTPUT_FILE}\"\n\n# Define input directory. Change \"${PROJECT_DIR}/${PROJECT_NAME}\" to your project's root source folder, if it's not the default name.\nINPUT_DIR=\"${PROJECT_DIR}/${PROJECT_NAME}\"\necho \"Mocks Input Directory = ${INPUT_DIR}\"\n\n# Generate mock files, include as many input files as you'd like to create mocks for.\n\"${PODS_ROOT}/Cuckoo/run\" generate --testable \"${PROJECT_NAME}\" \\\n--output \"${OUTPUT_FILE}\" \\\n\"${PROJECT_DIR}/${PROJECT_NAME}/Common/Networking/Repositories/Covid19RepositoryImpl.swift\" \\\n\"${PROJECT_DIR}/${PROJECT_NAME}/Modules/HomeScreen/Coordinators/HomeScreenCoordinatorImpl.swift\" \\\n\"${PROJECT_DIR}/${PROJECT_NAME}/Modules/CountrySelection/Coordinators/CountrySelectionCoordinator.swift\" \\\n\"${PROJECT_DIR}/${PROJECT_NAME}/Modules/StatisticsScreen/Coordinator/StatisticsScreenCoordinator.swift\" \\\n\"${PROJECT_DIR}/${PROJECT_NAME}/Modules/LatestNews/ViewModel/LatestNewsViewModel.swift\"\n# ... and so forth, the last line should never end with a backslash\n\n# After running once, locate `GeneratedMocks.swift` and drag it into your Xcode test target group.\n";
		};
		D25F71D401592FA03A5559C2 /* [CP] Embed Pods Frameworks */ = {
			isa = PBXShellScriptBuildPhase;
			buildActionMask = 12;
			files = (
			);
			inputFileListPaths = (
				"${PODS_ROOT}/Target Support Files/Pods-CoronaVirusApp/Pods-CoronaVirusApp-frameworks-${CONFIGURATION}-input-files.xcfilelist",
			);
			name = "[CP] Embed Pods Frameworks";
			outputFileListPaths = (
				"${PODS_ROOT}/Target Support Files/Pods-CoronaVirusApp/Pods-CoronaVirusApp-frameworks-${CONFIGURATION}-output-files.xcfilelist",
			);
			runOnlyForDeploymentPostprocessing = 0;
			shellPath = /bin/sh;
			shellScript = "\"${PODS_ROOT}/Target Support Files/Pods-CoronaVirusApp/Pods-CoronaVirusApp-frameworks.sh\"\n";
			showEnvVarsInLog = 0;
		};
		F45EB3AAE70841AA8B77C22B /* [CP] Check Pods Manifest.lock */ = {
			isa = PBXShellScriptBuildPhase;
			buildActionMask = 2147483647;
			files = (
			);
			inputFileListPaths = (
			);
			inputPaths = (
				"${PODS_PODFILE_DIR_PATH}/Podfile.lock",
				"${PODS_ROOT}/Manifest.lock",
			);
			name = "[CP] Check Pods Manifest.lock";
			outputFileListPaths = (
			);
			outputPaths = (
				"$(DERIVED_FILE_DIR)/Pods-CoronaVirusApp-checkManifestLockResult.txt",
			);
			runOnlyForDeploymentPostprocessing = 0;
			shellPath = /bin/sh;
			shellScript = "diff \"${PODS_PODFILE_DIR_PATH}/Podfile.lock\" \"${PODS_ROOT}/Manifest.lock\" > /dev/null\nif [ $? != 0 ] ; then\n    # print error to STDERR\n    echo \"error: The sandbox is not in sync with the Podfile.lock. Run 'pod install' or update your CocoaPods installation.\" >&2\n    exit 1\nfi\n# This output is used by Xcode 'outputs' to avoid re-running this script phase.\necho \"SUCCESS\" > \"${SCRIPT_OUTPUT_FILE_0}\"\n";
			showEnvVarsInLog = 0;
		};
/* End PBXShellScriptBuildPhase section */

/* Begin PBXSourcesBuildPhase section */
		602F4C572600CB860034A798 /* Sources */ = {
			isa = PBXSourcesBuildPhase;
			buildActionMask = 2147483647;
			files = (
				02EA812A2645D8DA0034A380 /* LatestNewsBackgroundView.swift in Sources */,
				02EA81212645D8DA0034A380 /* LatestNewsViewModel.swift in Sources */,
				02EA812B2645D8DA0034A380 /* LatestNewsTableViewCell.swift in Sources */,
				603F2A1B264F01DC00264779 /* EmptyView.swift in Sources */,
				02EA811E2645D8DA0034A380 /* WebViewViewModel.swift in Sources */,
				02EA81202645D8DA0034A380 /* WebViewViewController.swift in Sources */,
				02EA811F2645D8DA0034A380 /* WebViewCoordinator.swift in Sources */,
				02EA81242645D8DA0034A380 /* LatestNewsCoordinatorDelegate.swift in Sources */,
				02EA81252645D8DA0034A380 /* LatestNewsResponseItem.swift in Sources */,
				02EA81282645D8DA0034A380 /* LatestNewsDomainItem.swift in Sources */,
				02EA81272645D8DA0034A380 /* Article.swift in Sources */,
				60438DD6264E87180064CC0B /* UIImage+Extensions.swift in Sources */,
				02EA81232645D8DA0034A380 /* LatesNewsCoordinator.swift in Sources */,
				02EA81262645D8DA0034A380 /* PaginationInformation.swift in Sources */,
				02EA81292645D8DA0034A380 /* LatestNewsViewController.swift in Sources */,
				02EA81222645D8DA0034A380 /* LatestNewsRepository.swift in Sources */,
				60180025265563B900CD7515 /* LoadState.swift in Sources */,
				02D5FB2F26492B4F004B6BA3 /* StatsDomainItemDetail.swift in Sources */,
				60311C5926442B14006DD857 /* CountrySelectionViewModel.swift in Sources */,
				60311BBF264428D0006DD857 /* UIImageView+Extensions.swift in Sources */,
				60311C6126442B14006DD857 /* TabBarCoordinator.swift in Sources */,
				60311C6E26442B14006DD857 /* HomeScreenViewController.swift in Sources */,
				60311BE126442900006DD857 /* UserDefaultsDomainItem.swift in Sources */,
				02D5FB2926492B44004B6BA3 /* StatsDomainItem.swift in Sources */,
				60311BCA264428DA006DD857 /* WorldwideResponseItem.swift in Sources */,
				60311C0026442AEE006DD857 /* ErrorableViewController.swift in Sources */,
				60311C0926442AF5006DD857 /* LoaderOverlay.swift in Sources */,
				0263E41A26493C490048C2D6 /* EmptyStateTableViewCell.swift in Sources */,
				60311BD4264428E3006DD857 /* Covid19RepositoryImpl.swift in Sources */,
				60311BBD264428D0006DD857 /* UIView+Extensions.swift in Sources */,
				60311BE026442900006DD857 /* ObjectSavableError.swift in Sources */,
				60311BA6264428B1006DD857 /* AppCoordinator.swift in Sources */,
				60311BBC264428D0006DD857 /* UserDefaults+Extensions.swift in Sources */,
				60311C6226442B14006DD857 /* TabBarPage.swift in Sources */,
				60311C6626442B14006DD857 /* HomeScreenDomainItemDetail.swift in Sources */,
				60311BD8264428F2006DD857 /* SerializationManager.swift in Sources */,
				60311C5C26442B14006DD857 /* CountrySelectionModel.swift in Sources */,
				60311BC6264428DA006DD857 /* CountryListResponseItem.swift in Sources */,
				60311BBB264428D0006DD857 /* UITableView+Extensions.swift in Sources */,
				0263E41926493C490048C2D6 /* CountryTableViewCell.swift in Sources */,
				60311C6926442B14006DD857 /* HomeScreenHeaderView.swift in Sources */,
				60311BC7264428DA006DD857 /* CountryStatus.swift in Sources */,
				60311C6026442B14006DD857 /* CountrySelectionViewController.swift in Sources */,
				60311C6C26442B14006DD857 /* HomeScreenBackgroundView.swift in Sources */,
				60311C6F26442B14006DD857 /* HomeScreenCoordinator.swift in Sources */,
				60311BEA26442913006DD857 /* UseCaseSelection.swift in Sources */,
				60311BAE264428C5006DD857 /* CoordinatorDelegate.swift in Sources */,
				60311BEB26442913006DD857 /* ErrorType.swift in Sources */,
				02D5FB3B26492BE2004B6BA3 /* SingleStatView.swift in Sources */,
				60311BDF26442900006DD857 /* UserDefaultsService.swift in Sources */,
				02D5FB4526492C0E004B6BA3 /* StatisticsScreenViewController.swift in Sources */,
				60311BE62644290A006DD857 /* DateUtils.swift in Sources */,
				60311BDA264428F2006DD857 /* RestManager.swift in Sources */,
				60311C0A26442AF5006DD857 /* LoaderView.swift in Sources */,
				60ED9D59264AA9C400E7E807 /* StringUtils.swift in Sources */,
				60311C0B26442AF5006DD857 /* LoaderViewModel.swift in Sources */,
				60311BB3264428C5006DD857 /* ReusableView.swift in Sources */,
				60311C6B26442B14006DD857 /* HomeScreenTableViewCell.swift in Sources */,
				60311BE52644290A006DD857 /* NumberUtils.swift in Sources */,
				60311C5B26442B14006DD857 /* CellType.swift in Sources */,
				60311BC8264428DA006DD857 /* CountryResponseItem.swift in Sources */,
				60311BB1264428C5006DD857 /* Covid19Repository.swift in Sources */,
				02D5FB4126492BEE004B6BA3 /* StatsCardView.swift in Sources */,
				60438DD4264E6D880064CC0B /* UIColor+Extensions.swift in Sources */,
				60311BFF26442AEE006DD857 /* ErrorView.swift in Sources */,
				60311C0126442AEE006DD857 /* ErrorableViewModel.swift in Sources */,
				60311C6426442B14006DD857 /* HomeScreenViewModel.swift in Sources */,
				60311BC0264428D0006DD857 /* UITableViewCell+Extensions.swift in Sources */,
				60311BC9264428DA006DD857 /* Global.swift in Sources */,
				60311C6826442B14006DD857 /* HomeScreenMiddleView.swift in Sources */,
				60311C7226442B14006DD857 /* PageComingSoonCoordinator.swift in Sources */,
				02D5FB1E26492AFC004B6BA3 /* StatisticsScreenCoordinator.swift in Sources */,
				0263E41B26493C490048C2D6 /* WorldwideTableViewCell.swift in Sources */,
				6066CB7F264BD10800B01B0E /* HomeScreenTableViewHeaderCell.swift in Sources */,
				60311C6326442B14006DD857 /* TabBarViewController.swift in Sources */,
				60311C5A26442B14006DD857 /* CountrySelectionCoordinator.swift in Sources */,
				60311BB2264428C5006DD857 /* ParentCoordinatorDelegate.swift in Sources */,
				0255A0A726529F2800432775 /* StatisticsScreenCoordinatorDelegate.swift in Sources */,
				02D5FB3426492B92004B6BA3 /* StatisticsScreenViewModel.swift in Sources */,
				02D5FB2426492B2A004B6BA3 /* NavigationInformation.swift in Sources */,
				60311C0C26442AF5006DD857 /* LoadableViewController.swift in Sources */,
				60311C6A26442B14006DD857 /* HomeScreenMainView.swift in Sources */,
				60311C7326442B14006DD857 /* PageComingSoonViewController.swift in Sources */,
				60311C6D26442B14006DD857 /* StatusCaseView.swift in Sources */,
				60311BB0264428C5006DD857 /* ObjectSavable.swift in Sources */,
				60311C6526442B14006DD857 /* HomeScreenCoordinatorImpl.swift in Sources */,
				60311BD9264428F2006DD857 /* RestEndpoints.swift in Sources */,
				60311BF826442AA9006DD857 /* CountrySelectionHandler.swift in Sources */,
				6018001D2654FD1300CD7515 /* RemovableView.swift in Sources */,
				60311BBE264428D0006DD857 /* UIStackView+Extensions.swift in Sources */,
				602F4C5F2600CB860034A798 /* AppDelegate.swift in Sources */,
				60311BB4264428C5006DD857 /* Coordinator.swift in Sources */,
				60311C6726442B14006DD857 /* HomeScreenDomainItem.swift in Sources */,
			);
			runOnlyForDeploymentPostprocessing = 0;
		};
		602F4C6D2600CB870034A798 /* Sources */ = {
			isa = PBXSourcesBuildPhase;
			buildActionMask = 2147483647;
			files = (
				60ED183526473E8E007FEBB7 /* CountrySelectionViewModelTest.swift in Sources */,
				60536578265652C80024FC91 /* LatestNewsViewModelTest.swift in Sources */,
				601C2F2F26565AAA000C9D42 /* StatisticsScreenInitialization.swift in Sources */,
				60ED183326473E8E007FEBB7 /* HomeScreenInitialization.swift in Sources */,
				60ED183426473E8E007FEBB7 /* GeneratedMocks.swift in Sources */,
				60ED183226473E8E007FEBB7 /* HomeScreenUserInteraction.swift in Sources */,
				025AF80026455EC9009081AD /* LatestNewsGeneratedMocks.swift in Sources */,
			);
			runOnlyForDeploymentPostprocessing = 0;
		};
/* End PBXSourcesBuildPhase section */

/* Begin PBXTargetDependency section */
		602F4C732600CB870034A798 /* PBXTargetDependency */ = {
			isa = PBXTargetDependency;
			target = 602F4C5A2600CB860034A798 /* CoronaVirusApp */;
			targetProxy = 602F4C722600CB870034A798 /* PBXContainerItemProxy */;
		};
/* End PBXTargetDependency section */

/* Begin XCBuildConfiguration section */
		602F4C832600CB870034A798 /* Debug */ = {
			isa = XCBuildConfiguration;
			buildSettings = {
				ALWAYS_SEARCH_USER_PATHS = NO;
				CLANG_ANALYZER_NONNULL = YES;
				CLANG_ANALYZER_NUMBER_OBJECT_CONVERSION = YES_AGGRESSIVE;
				CLANG_CXX_LANGUAGE_STANDARD = "gnu++14";
				CLANG_CXX_LIBRARY = "libc++";
				CLANG_ENABLE_MODULES = YES;
				CLANG_ENABLE_OBJC_ARC = YES;
				CLANG_ENABLE_OBJC_WEAK = YES;
				CLANG_WARN_BLOCK_CAPTURE_AUTORELEASING = YES;
				CLANG_WARN_BOOL_CONVERSION = YES;
				CLANG_WARN_COMMA = YES;
				CLANG_WARN_CONSTANT_CONVERSION = YES;
				CLANG_WARN_DEPRECATED_OBJC_IMPLEMENTATIONS = YES;
				CLANG_WARN_DIRECT_OBJC_ISA_USAGE = YES_ERROR;
				CLANG_WARN_DOCUMENTATION_COMMENTS = YES;
				CLANG_WARN_EMPTY_BODY = YES;
				CLANG_WARN_ENUM_CONVERSION = YES;
				CLANG_WARN_INFINITE_RECURSION = YES;
				CLANG_WARN_INT_CONVERSION = YES;
				CLANG_WARN_NON_LITERAL_NULL_CONVERSION = YES;
				CLANG_WARN_OBJC_IMPLICIT_RETAIN_SELF = YES;
				CLANG_WARN_OBJC_LITERAL_CONVERSION = YES;
				CLANG_WARN_OBJC_ROOT_CLASS = YES_ERROR;
				CLANG_WARN_QUOTED_INCLUDE_IN_FRAMEWORK_HEADER = YES;
				CLANG_WARN_RANGE_LOOP_ANALYSIS = YES;
				CLANG_WARN_STRICT_PROTOTYPES = YES;
				CLANG_WARN_SUSPICIOUS_MOVE = YES;
				CLANG_WARN_UNGUARDED_AVAILABILITY = YES_AGGRESSIVE;
				CLANG_WARN_UNREACHABLE_CODE = YES;
				CLANG_WARN__DUPLICATE_METHOD_MATCH = YES;
				COPY_PHASE_STRIP = NO;
				DEBUG_INFORMATION_FORMAT = dwarf;
				ENABLE_STRICT_OBJC_MSGSEND = YES;
				ENABLE_TESTABILITY = YES;
				GCC_C_LANGUAGE_STANDARD = gnu11;
				GCC_DYNAMIC_NO_PIC = NO;
				GCC_NO_COMMON_BLOCKS = YES;
				GCC_OPTIMIZATION_LEVEL = 0;
				GCC_PREPROCESSOR_DEFINITIONS = (
					"DEBUG=1",
					"$(inherited)",
				);
				GCC_WARN_64_TO_32_BIT_CONVERSION = YES;
				GCC_WARN_ABOUT_RETURN_TYPE = YES_ERROR;
				GCC_WARN_UNDECLARED_SELECTOR = YES;
				GCC_WARN_UNINITIALIZED_AUTOS = YES_AGGRESSIVE;
				GCC_WARN_UNUSED_FUNCTION = YES;
				GCC_WARN_UNUSED_VARIABLE = YES;
				IPHONEOS_DEPLOYMENT_TARGET = 13.0;
				MTL_ENABLE_DEBUG_INFO = INCLUDE_SOURCE;
				MTL_FAST_MATH = YES;
				ONLY_ACTIVE_ARCH = YES;
				SDKROOT = iphoneos;
				SWIFT_ACTIVE_COMPILATION_CONDITIONS = DEBUG;
				SWIFT_OPTIMIZATION_LEVEL = "-Onone";
			};
			name = Debug;
		};
		602F4C842600CB870034A798 /* Release */ = {
			isa = XCBuildConfiguration;
			buildSettings = {
				ALWAYS_SEARCH_USER_PATHS = NO;
				CLANG_ANALYZER_NONNULL = YES;
				CLANG_ANALYZER_NUMBER_OBJECT_CONVERSION = YES_AGGRESSIVE;
				CLANG_CXX_LANGUAGE_STANDARD = "gnu++14";
				CLANG_CXX_LIBRARY = "libc++";
				CLANG_ENABLE_MODULES = YES;
				CLANG_ENABLE_OBJC_ARC = YES;
				CLANG_ENABLE_OBJC_WEAK = YES;
				CLANG_WARN_BLOCK_CAPTURE_AUTORELEASING = YES;
				CLANG_WARN_BOOL_CONVERSION = YES;
				CLANG_WARN_COMMA = YES;
				CLANG_WARN_CONSTANT_CONVERSION = YES;
				CLANG_WARN_DEPRECATED_OBJC_IMPLEMENTATIONS = YES;
				CLANG_WARN_DIRECT_OBJC_ISA_USAGE = YES_ERROR;
				CLANG_WARN_DOCUMENTATION_COMMENTS = YES;
				CLANG_WARN_EMPTY_BODY = YES;
				CLANG_WARN_ENUM_CONVERSION = YES;
				CLANG_WARN_INFINITE_RECURSION = YES;
				CLANG_WARN_INT_CONVERSION = YES;
				CLANG_WARN_NON_LITERAL_NULL_CONVERSION = YES;
				CLANG_WARN_OBJC_IMPLICIT_RETAIN_SELF = YES;
				CLANG_WARN_OBJC_LITERAL_CONVERSION = YES;
				CLANG_WARN_OBJC_ROOT_CLASS = YES_ERROR;
				CLANG_WARN_QUOTED_INCLUDE_IN_FRAMEWORK_HEADER = YES;
				CLANG_WARN_RANGE_LOOP_ANALYSIS = YES;
				CLANG_WARN_STRICT_PROTOTYPES = YES;
				CLANG_WARN_SUSPICIOUS_MOVE = YES;
				CLANG_WARN_UNGUARDED_AVAILABILITY = YES_AGGRESSIVE;
				CLANG_WARN_UNREACHABLE_CODE = YES;
				CLANG_WARN__DUPLICATE_METHOD_MATCH = YES;
				COPY_PHASE_STRIP = NO;
				DEBUG_INFORMATION_FORMAT = "dwarf-with-dsym";
				ENABLE_NS_ASSERTIONS = NO;
				ENABLE_STRICT_OBJC_MSGSEND = YES;
				GCC_C_LANGUAGE_STANDARD = gnu11;
				GCC_NO_COMMON_BLOCKS = YES;
				GCC_WARN_64_TO_32_BIT_CONVERSION = YES;
				GCC_WARN_ABOUT_RETURN_TYPE = YES_ERROR;
				GCC_WARN_UNDECLARED_SELECTOR = YES;
				GCC_WARN_UNINITIALIZED_AUTOS = YES_AGGRESSIVE;
				GCC_WARN_UNUSED_FUNCTION = YES;
				GCC_WARN_UNUSED_VARIABLE = YES;
				IPHONEOS_DEPLOYMENT_TARGET = 13.0;
				MTL_ENABLE_DEBUG_INFO = NO;
				MTL_FAST_MATH = YES;
				SDKROOT = iphoneos;
				SWIFT_COMPILATION_MODE = wholemodule;
				SWIFT_OPTIMIZATION_LEVEL = "-O";
				VALIDATE_PRODUCT = YES;
			};
			name = Release;
		};
		602F4C862600CB870034A798 /* Debug */ = {
			isa = XCBuildConfiguration;
			baseConfigurationReference = ABB97791658E4EEBDDEA6339 /* Pods-CoronaVirusApp.debug.xcconfig */;
			buildSettings = {
				ASSETCATALOG_COMPILER_APPICON_NAME = AppIcon;
				ASSETCATALOG_COMPILER_GLOBAL_ACCENT_COLOR_NAME = AccentColor;
				CODE_SIGN_STYLE = Automatic;
				COVID_HOST = api.covid19api.com;
				INFOPLIST_FILE = CoronaVirusApp/Support/Info.plist;
				IPHONEOS_DEPLOYMENT_TARGET = 13.0;
				LD_RUNPATH_SEARCH_PATHS = (
					"$(inherited)",
					"@executable_path/Frameworks",
				);
				NEWS_ACCESS_KEY = "access_key=02a64c55c66dd40b3c7ec36863f6e192";
				NEWS_HOST = "api.mediastack.com/v1/news?";
				PRODUCT_BUNDLE_IDENTIFIER = com.example.CoronaVirusApp;
				PRODUCT_NAME = "$(TARGET_NAME)";
				SCHEME = "https://";
				SWIFT_VERSION = 5.0;
				TARGETED_DEVICE_FAMILY = "1,2";
			};
			name = Debug;
		};
		602F4C872600CB870034A798 /* Release */ = {
			isa = XCBuildConfiguration;
			baseConfigurationReference = FDC3E2CC32FBB3066E3F8168 /* Pods-CoronaVirusApp.release.xcconfig */;
			buildSettings = {
				ASSETCATALOG_COMPILER_APPICON_NAME = AppIcon;
				ASSETCATALOG_COMPILER_GLOBAL_ACCENT_COLOR_NAME = AccentColor;
				CODE_SIGN_STYLE = Automatic;
				COVID_HOST = api.covid19api.com;
				INFOPLIST_FILE = CoronaVirusApp/Support/Info.plist;
				IPHONEOS_DEPLOYMENT_TARGET = 13.0;
				LD_RUNPATH_SEARCH_PATHS = (
					"$(inherited)",
					"@executable_path/Frameworks",
				);
				NEWS_ACCESS_KEY = "access_key=02a64c55c66dd40b3c7ec36863f6e192";
				NEWS_HOST = "api.mediastack.com/v1/news?";
				PRODUCT_BUNDLE_IDENTIFIER = com.example.CoronaVirusApp;
				PRODUCT_NAME = "$(TARGET_NAME)";
				SCHEME = "https://";
				SWIFT_VERSION = 5.0;
				TARGETED_DEVICE_FAMILY = "1,2";
			};
			name = Release;
		};
		602F4C892600CB870034A798 /* Debug */ = {
			isa = XCBuildConfiguration;
			baseConfigurationReference = A3D7DA5466749BDB208819DF /* Pods-CoronaVirusAppTests.debug.xcconfig */;
			buildSettings = {
				BUNDLE_LOADER = "$(TEST_HOST)";
				CLANG_ENABLE_MODULES = YES;
				CODE_SIGN_STYLE = Automatic;
				INFOPLIST_FILE = CoronaVirusAppTests/Info.plist;
				IPHONEOS_DEPLOYMENT_TARGET = 14.4;
				LD_RUNPATH_SEARCH_PATHS = (
					"$(inherited)",
					"@executable_path/Frameworks",
					"@loader_path/Frameworks",
				);
				PRODUCT_BUNDLE_IDENTIFIER = com.example.CoronaVirusAppTests;
				PRODUCT_NAME = "$(TARGET_NAME)";
				SWIFT_OPTIMIZATION_LEVEL = "-Onone";
				SWIFT_VERSION = 5.0;
				TARGETED_DEVICE_FAMILY = "1,2";
				TEST_HOST = "$(BUILT_PRODUCTS_DIR)/CoronaVirusApp.app/CoronaVirusApp";
			};
			name = Debug;
		};
		602F4C8A2600CB870034A798 /* Release */ = {
			isa = XCBuildConfiguration;
			baseConfigurationReference = A4BB946B51ADEADE41ECCC94 /* Pods-CoronaVirusAppTests.release.xcconfig */;
			buildSettings = {
				BUNDLE_LOADER = "$(TEST_HOST)";
				CLANG_ENABLE_MODULES = YES;
				CODE_SIGN_STYLE = Automatic;
				INFOPLIST_FILE = CoronaVirusAppTests/Info.plist;
				IPHONEOS_DEPLOYMENT_TARGET = 14.4;
				LD_RUNPATH_SEARCH_PATHS = (
					"$(inherited)",
					"@executable_path/Frameworks",
					"@loader_path/Frameworks",
				);
				PRODUCT_BUNDLE_IDENTIFIER = com.example.CoronaVirusAppTests;
				PRODUCT_NAME = "$(TARGET_NAME)";
				SWIFT_VERSION = 5.0;
				TARGETED_DEVICE_FAMILY = "1,2";
				TEST_HOST = "$(BUILT_PRODUCTS_DIR)/CoronaVirusApp.app/CoronaVirusApp";
			};
			name = Release;
		};
/* End XCBuildConfiguration section */

/* Begin XCConfigurationList section */
		602F4C562600CB860034A798 /* Build configuration list for PBXProject "CoronaVirusApp" */ = {
			isa = XCConfigurationList;
			buildConfigurations = (
				602F4C832600CB870034A798 /* Debug */,
				602F4C842600CB870034A798 /* Release */,
			);
			defaultConfigurationIsVisible = 0;
			defaultConfigurationName = Release;
		};
		602F4C852600CB870034A798 /* Build configuration list for PBXNativeTarget "CoronaVirusApp" */ = {
			isa = XCConfigurationList;
			buildConfigurations = (
				602F4C862600CB870034A798 /* Debug */,
				602F4C872600CB870034A798 /* Release */,
			);
			defaultConfigurationIsVisible = 0;
			defaultConfigurationName = Release;
		};
		602F4C882600CB870034A798 /* Build configuration list for PBXNativeTarget "CoronaVirusAppTests" */ = {
			isa = XCConfigurationList;
			buildConfigurations = (
				602F4C892600CB870034A798 /* Debug */,
				602F4C8A2600CB870034A798 /* Release */,
			);
			defaultConfigurationIsVisible = 0;
			defaultConfigurationName = Release;
		};
/* End XCConfigurationList section */
	};
	rootObject = 602F4C532600CB860034A798 /* Project object */;
}
