// !$*UTF8*$!
{
	archiveVersion = 1;
	classes = {
	};
	objectVersion = 51;
	objects = {

/* Begin PBXBuildFile section */
		0212B76226389C9900F87F9D /* UIStackView+Extensions.swift in Sources */ = {isa = PBXBuildFile; fileRef = 0212B76126389C9900F87F9D /* UIStackView+Extensions.swift */; };
		0212B76626389CB700F87F9D /* UITableView+Extensions.swift in Sources */ = {isa = PBXBuildFile; fileRef = 0212B76526389CB700F87F9D /* UITableView+Extensions.swift */; };
		0212B76A26389CD200F87F9D /* UITableViewCell+Extensions.swift in Sources */ = {isa = PBXBuildFile; fileRef = 0212B76926389CD200F87F9D /* UITableViewCell+Extensions.swift */; };
		0212B76E26389CFF00F87F9D /* SerializationManager.swift in Sources */ = {isa = PBXBuildFile; fileRef = 0212B76D26389CFF00F87F9D /* SerializationManager.swift */; };
		0212B77226389D2500F87F9D /* ReusableView.swift in Sources */ = {isa = PBXBuildFile; fileRef = 0212B77126389D2500F87F9D /* ReusableView.swift */; };
		0212B77726389D4700F87F9D /* ParentCoordinatorDelegate.swift in Sources */ = {isa = PBXBuildFile; fileRef = 0212B77626389D4700F87F9D /* ParentCoordinatorDelegate.swift */; };
		0212B77B26389D6600F87F9D /* Coordinator.swift in Sources */ = {isa = PBXBuildFile; fileRef = 0212B77A26389D6600F87F9D /* Coordinator.swift */; };
		0226D447262DF745001169F0 /* UseCaseData.swift in Sources */ = {isa = PBXBuildFile; fileRef = 0226D446262DF745001169F0 /* UseCaseData.swift */; };
		0226D44C262DF7DC001169F0 /* DateUtils.swift in Sources */ = {isa = PBXBuildFile; fileRef = 0226D44B262DF7DC001169F0 /* DateUtils.swift */; };
		0229A578262C6E14003C1053 /* AppCoordinator.swift in Sources */ = {isa = PBXBuildFile; fileRef = 0229A577262C6E14003C1053 /* AppCoordinator.swift */; };
		02691254262C6FF9008932E2 /* DummyViewController.swift in Sources */ = {isa = PBXBuildFile; fileRef = 02691253262C6FF9008932E2 /* DummyViewController.swift */; };
		02691261262CBB7E008932E2 /* DummyCoordinator.swift in Sources */ = {isa = PBXBuildFile; fileRef = 02691260262CBB7E008932E2 /* DummyCoordinator.swift */; };
		02691272262CBFCF008932E2 /* TabBarViewController.swift in Sources */ = {isa = PBXBuildFile; fileRef = 02691271262CBFCF008932E2 /* TabBarViewController.swift */; };
		0273CA4C26234D9300A7CC00 /* TabBarPage.swift in Sources */ = {isa = PBXBuildFile; fileRef = 0273CA4B26234D9300A7CC00 /* TabBarPage.swift */; };
		0273CA5026234EE500A7CC00 /* TabBarCoordinator.swift in Sources */ = {isa = PBXBuildFile; fileRef = 0273CA4F26234EE500A7CC00 /* TabBarCoordinator.swift */; };
		0297B78E2615CE4D00BB40A9 /* CoordinatorDelegate.swift in Sources */ = {isa = PBXBuildFile; fileRef = 0297B78D2615CE4D00BB40A9 /* CoordinatorDelegate.swift */; };
		0297B79F2615CEBF00BB40A9 /* UIImageView+Extensions.swift in Sources */ = {isa = PBXBuildFile; fileRef = 0297B79E2615CEBF00BB40A9 /* UIImageView+Extensions.swift */; };
		0297B7AD2615CEF300BB40A9 /* UIView+Extensions.swift in Sources */ = {isa = PBXBuildFile; fileRef = 0297B7AC2615CEF300BB40A9 /* UIView+Extensions.swift */; };
		0297B7B62615CFAE00BB40A9 /* NetworkError.swift in Sources */ = {isa = PBXBuildFile; fileRef = 0297B7B52615CFAE00BB40A9 /* NetworkError.swift */; };
		0297B7BC2615CFD300BB40A9 /* RestEndpoints.swift in Sources */ = {isa = PBXBuildFile; fileRef = 0297B7BB2615CFD300BB40A9 /* RestEndpoints.swift */; };
		0297B7C02615CFED00BB40A9 /* RestManager.swift in Sources */ = {isa = PBXBuildFile; fileRef = 0297B7BF2615CFED00BB40A9 /* RestManager.swift */; };
		0297B7CC2615D03F00BB40A9 /* UserDefaultsService.swift in Sources */ = {isa = PBXBuildFile; fileRef = 0297B7CB2615D03F00BB40A9 /* UserDefaultsService.swift */; };
		02C5F8CA2639D937009F85FC /* PageComingSoonViewController.swift in Sources */ = {isa = PBXBuildFile; fileRef = 02C5F8C92639D937009F85FC /* PageComingSoonViewController.swift */; };
		02C5F8D02639DB06009F85FC /* PageComingSoonCoordinator.swift in Sources */ = {isa = PBXBuildFile; fileRef = 02C5F8CF2639DB06009F85FC /* PageComingSoonCoordinator.swift */; };
		02C5F8D92639DC83009F85FC /* loadingAnimation.json in Resources */ = {isa = PBXBuildFile; fileRef = 02C5F8D82639DC83009F85FC /* loadingAnimation.json */; };
		602F4C5F2600CB860034A798 /* AppDelegate.swift in Sources */ = {isa = PBXBuildFile; fileRef = 602F4C5E2600CB860034A798 /* AppDelegate.swift */; };
		602F4C682600CB870034A798 /* Assets.xcassets in Resources */ = {isa = PBXBuildFile; fileRef = 602F4C672600CB870034A798 /* Assets.xcassets */; };
		602F4C6B2600CB870034A798 /* LaunchScreen.storyboard in Resources */ = {isa = PBXBuildFile; fileRef = 602F4C692600CB870034A798 /* LaunchScreen.storyboard */; };
		602F4C762600CB870034A798 /* CoronaVirusAppTests.swift in Sources */ = {isa = PBXBuildFile; fileRef = 602F4C752600CB870034A798 /* CoronaVirusAppTests.swift */; };
		B762BAFA626927774FB1EE54 /* Pods_CoronaVirusAppTests.framework in Frameworks */ = {isa = PBXBuildFile; fileRef = E68AE4172489161E429834B8 /* Pods_CoronaVirusAppTests.framework */; };
		F726305C1EAC6FC0130DD7C3 /* Pods_CoronaVirusApp.framework in Frameworks */ = {isa = PBXBuildFile; fileRef = 67E94E7FCB026138087CB563 /* Pods_CoronaVirusApp.framework */; };
/* End PBXBuildFile section */

/* Begin PBXContainerItemProxy section */
		602F4C722600CB870034A798 /* PBXContainerItemProxy */ = {
			isa = PBXContainerItemProxy;
			containerPortal = 602F4C532600CB860034A798 /* Project object */;
			proxyType = 1;
			remoteGlobalIDString = 602F4C5A2600CB860034A798;
			remoteInfo = CoronaVirusApp;
		};
/* End PBXContainerItemProxy section */

/* Begin PBXFileReference section */
		0212B76126389C9900F87F9D /* UIStackView+Extensions.swift */ = {isa = PBXFileReference; lastKnownFileType = sourcecode.swift; path = "UIStackView+Extensions.swift"; sourceTree = "<group>"; };
		0212B76526389CB700F87F9D /* UITableView+Extensions.swift */ = {isa = PBXFileReference; lastKnownFileType = sourcecode.swift; path = "UITableView+Extensions.swift"; sourceTree = "<group>"; };
		0212B76926389CD200F87F9D /* UITableViewCell+Extensions.swift */ = {isa = PBXFileReference; lastKnownFileType = sourcecode.swift; path = "UITableViewCell+Extensions.swift"; sourceTree = "<group>"; };
		0212B76D26389CFF00F87F9D /* SerializationManager.swift */ = {isa = PBXFileReference; lastKnownFileType = sourcecode.swift; path = SerializationManager.swift; sourceTree = "<group>"; };
		0212B77126389D2500F87F9D /* ReusableView.swift */ = {isa = PBXFileReference; lastKnownFileType = sourcecode.swift; path = ReusableView.swift; sourceTree = "<group>"; };
		0212B77626389D4700F87F9D /* ParentCoordinatorDelegate.swift */ = {isa = PBXFileReference; lastKnownFileType = sourcecode.swift; path = ParentCoordinatorDelegate.swift; sourceTree = "<group>"; };
		0212B77A26389D6600F87F9D /* Coordinator.swift */ = {isa = PBXFileReference; lastKnownFileType = sourcecode.swift; path = Coordinator.swift; sourceTree = "<group>"; };
		0226D446262DF745001169F0 /* UseCaseData.swift */ = {isa = PBXFileReference; lastKnownFileType = sourcecode.swift; path = UseCaseData.swift; sourceTree = "<group>"; };
		0226D44B262DF7DC001169F0 /* DateUtils.swift */ = {isa = PBXFileReference; lastKnownFileType = sourcecode.swift; path = DateUtils.swift; sourceTree = "<group>"; };
		0229A577262C6E14003C1053 /* AppCoordinator.swift */ = {isa = PBXFileReference; lastKnownFileType = sourcecode.swift; path = AppCoordinator.swift; sourceTree = "<group>"; };
		02691253262C6FF9008932E2 /* DummyViewController.swift */ = {isa = PBXFileReference; lastKnownFileType = sourcecode.swift; path = DummyViewController.swift; sourceTree = "<group>"; };
		02691260262CBB7E008932E2 /* DummyCoordinator.swift */ = {isa = PBXFileReference; lastKnownFileType = sourcecode.swift; path = DummyCoordinator.swift; sourceTree = "<group>"; };
		02691271262CBFCF008932E2 /* TabBarViewController.swift */ = {isa = PBXFileReference; lastKnownFileType = sourcecode.swift; path = TabBarViewController.swift; sourceTree = "<group>"; };
		0273CA4B26234D9300A7CC00 /* TabBarPage.swift */ = {isa = PBXFileReference; lastKnownFileType = sourcecode.swift; path = TabBarPage.swift; sourceTree = "<group>"; };
		0273CA4F26234EE500A7CC00 /* TabBarCoordinator.swift */ = {isa = PBXFileReference; lastKnownFileType = sourcecode.swift; path = TabBarCoordinator.swift; sourceTree = "<group>"; };
		0297B78D2615CE4D00BB40A9 /* CoordinatorDelegate.swift */ = {isa = PBXFileReference; lastKnownFileType = sourcecode.swift; path = CoordinatorDelegate.swift; sourceTree = "<group>"; };
		0297B79E2615CEBF00BB40A9 /* UIImageView+Extensions.swift */ = {isa = PBXFileReference; lastKnownFileType = sourcecode.swift; path = "UIImageView+Extensions.swift"; sourceTree = "<group>"; };
		0297B7AC2615CEF300BB40A9 /* UIView+Extensions.swift */ = {isa = PBXFileReference; lastKnownFileType = sourcecode.swift; path = "UIView+Extensions.swift"; sourceTree = "<group>"; };
		0297B7B52615CFAE00BB40A9 /* NetworkError.swift */ = {isa = PBXFileReference; lastKnownFileType = sourcecode.swift; path = NetworkError.swift; sourceTree = "<group>"; };
		0297B7BB2615CFD300BB40A9 /* RestEndpoints.swift */ = {isa = PBXFileReference; lastKnownFileType = sourcecode.swift; path = RestEndpoints.swift; sourceTree = "<group>"; };
		0297B7BF2615CFED00BB40A9 /* RestManager.swift */ = {isa = PBXFileReference; lastKnownFileType = sourcecode.swift; path = RestManager.swift; sourceTree = "<group>"; };
		0297B7CB2615D03F00BB40A9 /* UserDefaultsService.swift */ = {isa = PBXFileReference; lastKnownFileType = sourcecode.swift; path = UserDefaultsService.swift; sourceTree = "<group>"; };
		02C5F8C92639D937009F85FC /* PageComingSoonViewController.swift */ = {isa = PBXFileReference; lastKnownFileType = sourcecode.swift; path = PageComingSoonViewController.swift; sourceTree = "<group>"; };
		02C5F8CF2639DB06009F85FC /* PageComingSoonCoordinator.swift */ = {isa = PBXFileReference; lastKnownFileType = sourcecode.swift; path = PageComingSoonCoordinator.swift; sourceTree = "<group>"; };
		02C5F8D82639DC83009F85FC /* loadingAnimation.json */ = {isa = PBXFileReference; lastKnownFileType = text.json; path = loadingAnimation.json; sourceTree = "<group>"; };
		57F89CF7DF78AC38F950C846 /* Pods-CoronaVirusApp.debug.xcconfig */ = {isa = PBXFileReference; includeInIndex = 1; lastKnownFileType = text.xcconfig; name = "Pods-CoronaVirusApp.debug.xcconfig"; path = "Target Support Files/Pods-CoronaVirusApp/Pods-CoronaVirusApp.debug.xcconfig"; sourceTree = "<group>"; };
		602F4C5B2600CB860034A798 /* CoronaVirusApp.app */ = {isa = PBXFileReference; explicitFileType = wrapper.application; includeInIndex = 0; path = CoronaVirusApp.app; sourceTree = BUILT_PRODUCTS_DIR; };
		602F4C5E2600CB860034A798 /* AppDelegate.swift */ = {isa = PBXFileReference; lastKnownFileType = sourcecode.swift; path = AppDelegate.swift; sourceTree = "<group>"; };
		602F4C672600CB870034A798 /* Assets.xcassets */ = {isa = PBXFileReference; lastKnownFileType = folder.assetcatalog; path = Assets.xcassets; sourceTree = "<group>"; };
		602F4C6A2600CB870034A798 /* Base */ = {isa = PBXFileReference; lastKnownFileType = file.storyboard; name = Base; path = Base.lproj/LaunchScreen.storyboard; sourceTree = "<group>"; };
		602F4C6C2600CB870034A798 /* Info.plist */ = {isa = PBXFileReference; lastKnownFileType = text.plist.xml; path = Info.plist; sourceTree = "<group>"; };
		602F4C712600CB870034A798 /* CoronaVirusAppTests.xctest */ = {isa = PBXFileReference; explicitFileType = wrapper.cfbundle; includeInIndex = 0; path = CoronaVirusAppTests.xctest; sourceTree = BUILT_PRODUCTS_DIR; };
		602F4C752600CB870034A798 /* CoronaVirusAppTests.swift */ = {isa = PBXFileReference; lastKnownFileType = sourcecode.swift; path = CoronaVirusAppTests.swift; sourceTree = "<group>"; };
		602F4C772600CB870034A798 /* Info.plist */ = {isa = PBXFileReference; lastKnownFileType = text.plist.xml; path = Info.plist; sourceTree = "<group>"; };
		67E94E7FCB026138087CB563 /* Pods_CoronaVirusApp.framework */ = {isa = PBXFileReference; explicitFileType = wrapper.framework; includeInIndex = 0; path = Pods_CoronaVirusApp.framework; sourceTree = BUILT_PRODUCTS_DIR; };
		6906D5EDE500FD676CF8F5AA /* Pods-CoronaVirusAppTests.debug.xcconfig */ = {isa = PBXFileReference; includeInIndex = 1; lastKnownFileType = text.xcconfig; name = "Pods-CoronaVirusAppTests.debug.xcconfig"; path = "Target Support Files/Pods-CoronaVirusAppTests/Pods-CoronaVirusAppTests.debug.xcconfig"; sourceTree = "<group>"; };
		7C25D35AE51B13565C77EAC8 /* Pods-CoronaVirusAppTests.release.xcconfig */ = {isa = PBXFileReference; includeInIndex = 1; lastKnownFileType = text.xcconfig; name = "Pods-CoronaVirusAppTests.release.xcconfig"; path = "Target Support Files/Pods-CoronaVirusAppTests/Pods-CoronaVirusAppTests.release.xcconfig"; sourceTree = "<group>"; };
		C051C46FEC0F29086B48C3B6 /* Pods-CoronaVirusApp.release.xcconfig */ = {isa = PBXFileReference; includeInIndex = 1; lastKnownFileType = text.xcconfig; name = "Pods-CoronaVirusApp.release.xcconfig"; path = "Target Support Files/Pods-CoronaVirusApp/Pods-CoronaVirusApp.release.xcconfig"; sourceTree = "<group>"; };
		E68AE4172489161E429834B8 /* Pods_CoronaVirusAppTests.framework */ = {isa = PBXFileReference; explicitFileType = wrapper.framework; includeInIndex = 0; path = Pods_CoronaVirusAppTests.framework; sourceTree = BUILT_PRODUCTS_DIR; };
/* End PBXFileReference section */

/* Begin PBXFrameworksBuildPhase section */
		602F4C582600CB860034A798 /* Frameworks */ = {
			isa = PBXFrameworksBuildPhase;
			buildActionMask = 2147483647;
			files = (
				F726305C1EAC6FC0130DD7C3 /* Pods_CoronaVirusApp.framework in Frameworks */,
			);
			runOnlyForDeploymentPostprocessing = 0;
		};
		602F4C6E2600CB870034A798 /* Frameworks */ = {
			isa = PBXFrameworksBuildPhase;
			buildActionMask = 2147483647;
			files = (
				B762BAFA626927774FB1EE54 /* Pods_CoronaVirusAppTests.framework in Frameworks */,
			);
			runOnlyForDeploymentPostprocessing = 0;
		};
/* End PBXFrameworksBuildPhase section */

/* Begin PBXGroup section */
		0226D445262DF72C001169F0 /* Model */ = {
			isa = PBXGroup;
			children = (
				0226D446262DF745001169F0 /* UseCaseData.swift */,
			);
			path = Model;
			sourceTree = "<group>";
		};
		0226D44A262DF7CF001169F0 /* Utils */ = {
			isa = PBXGroup;
			children = (
				0226D44B262DF7DC001169F0 /* DateUtils.swift */,
			);
			path = Utils;
			sourceTree = "<group>";
		};
		02691252262C6FE9008932E2 /* DummyView */ = {
			isa = PBXGroup;
			children = (
				02691253262C6FF9008932E2 /* DummyViewController.swift */,
				02691260262CBB7E008932E2 /* DummyCoordinator.swift */,
			);
			path = DummyView;
			sourceTree = "<group>";
		};
		02691270262CBFBF008932E2 /* View */ = {
			isa = PBXGroup;
			children = (
				02691271262CBFCF008932E2 /* TabBarViewController.swift */,
			);
			path = View;
			sourceTree = "<group>";
		};
		0297B7852615CDFF00BB40A9 /* Common */ = {
			isa = PBXGroup;
			children = (
				0226D44A262DF7CF001169F0 /* Utils */,
				0297B7CA2615D02F00BB40A9 /* UserDefaults */,
				0297B7B42615CFA100BB40A9 /* Networking */,
				0297B79D2615CEA700BB40A9 /* Extensions */,
				0297B7862615CE1F00BB40A9 /* Protocols */,
			);
			path = Common;
			sourceTree = "<group>";
		};
		0297B7862615CE1F00BB40A9 /* Protocols */ = {
			isa = PBXGroup;
			children = (
				0297B78D2615CE4D00BB40A9 /* CoordinatorDelegate.swift */,
				0212B77126389D2500F87F9D /* ReusableView.swift */,
				0212B77626389D4700F87F9D /* ParentCoordinatorDelegate.swift */,
				0212B77A26389D6600F87F9D /* Coordinator.swift */,
			);
			path = Protocols;
			sourceTree = "<group>";
		};
		0297B79D2615CEA700BB40A9 /* Extensions */ = {
			isa = PBXGroup;
			children = (
				0297B79E2615CEBF00BB40A9 /* UIImageView+Extensions.swift */,
				0297B7AC2615CEF300BB40A9 /* UIView+Extensions.swift */,
				0212B76126389C9900F87F9D /* UIStackView+Extensions.swift */,
				0212B76526389CB700F87F9D /* UITableView+Extensions.swift */,
				0212B76926389CD200F87F9D /* UITableViewCell+Extensions.swift */,
			);
			path = Extensions;
			sourceTree = "<group>";
		};
		0297B7B42615CFA100BB40A9 /* Networking */ = {
			isa = PBXGroup;
			children = (
				0297B7B52615CFAE00BB40A9 /* NetworkError.swift */,
				0297B7BB2615CFD300BB40A9 /* RestEndpoints.swift */,
				0297B7BF2615CFED00BB40A9 /* RestManager.swift */,
				0212B76D26389CFF00F87F9D /* SerializationManager.swift */,
			);
			path = Networking;
			sourceTree = "<group>";
		};
		0297B7CA2615D02F00BB40A9 /* UserDefaults */ = {
			isa = PBXGroup;
			children = (
				0226D445262DF72C001169F0 /* Model */,
				0297B7CB2615D03F00BB40A9 /* UserDefaultsService.swift */,
			);
			path = UserDefaults;
			sourceTree = "<group>";
		};
		0297B7D52615D38600BB40A9 /* Modules */ = {
			isa = PBXGroup;
			children = (
				02C5F8BF2639D706009F85FC /* PageComingSoon */,
				02691252262C6FE9008932E2 /* DummyView */,
				0297B7D62615D39900BB40A9 /* MainContainer */,
			);
			path = Modules;
			sourceTree = "<group>";
		};
		0297B7D62615D39900BB40A9 /* MainContainer */ = {
			isa = PBXGroup;
			children = (
				02691270262CBFBF008932E2 /* View */,
				0297B7DA2615D3CE00BB40A9 /* Coordinator */,
				0297B7D82615D3BF00BB40A9 /* Model */,
			);
			path = MainContainer;
			sourceTree = "<group>";
		};
		0297B7D82615D3BF00BB40A9 /* Model */ = {
			isa = PBXGroup;
			children = (
				0273CA4B26234D9300A7CC00 /* TabBarPage.swift */,
			);
			path = Model;
			sourceTree = "<group>";
		};
		0297B7DA2615D3CE00BB40A9 /* Coordinator */ = {
			isa = PBXGroup;
			children = (
				0273CA4F26234EE500A7CC00 /* TabBarCoordinator.swift */,
			);
			path = Coordinator;
			sourceTree = "<group>";
		};
		02C5F8BF2639D706009F85FC /* PageComingSoon */ = {
			isa = PBXGroup;
			children = (
				02C5F8C72639D900009F85FC /* Coordinator */,
				02C5F8C62639D8FA009F85FC /* View */,
			);
			path = PageComingSoon;
			sourceTree = "<group>";
		};
		02C5F8C62639D8FA009F85FC /* View */ = {
			isa = PBXGroup;
			children = (
				02C5F8C82639D917009F85FC /* ViewController */,
			);
			path = View;
			sourceTree = "<group>";
		};
		02C5F8C72639D900009F85FC /* Coordinator */ = {
			isa = PBXGroup;
			children = (
				02C5F8CF2639DB06009F85FC /* PageComingSoonCoordinator.swift */,
			);
			path = Coordinator;
			sourceTree = "<group>";
		};
		02C5F8C82639D917009F85FC /* ViewController */ = {
			isa = PBXGroup;
			children = (
				02C5F8C92639D937009F85FC /* PageComingSoonViewController.swift */,
			);
			path = ViewController;
			sourceTree = "<group>";
		};
		02C5F8D72639DC6B009F85FC /* Assets */ = {
			isa = PBXGroup;
			children = (
				02C5F8D82639DC83009F85FC /* loadingAnimation.json */,
			);
			path = Assets;
			sourceTree = "<group>";
		};
		177F832A5D32E8BEF54B406A /* Frameworks */ = {
			isa = PBXGroup;
			children = (
				67E94E7FCB026138087CB563 /* Pods_CoronaVirusApp.framework */,
				E68AE4172489161E429834B8 /* Pods_CoronaVirusAppTests.framework */,
			);
			name = Frameworks;
			sourceTree = "<group>";
		};
		333D94AFF454D15CC16DEF5A /* Pods */ = {
			isa = PBXGroup;
			children = (
				57F89CF7DF78AC38F950C846 /* Pods-CoronaVirusApp.debug.xcconfig */,
				C051C46FEC0F29086B48C3B6 /* Pods-CoronaVirusApp.release.xcconfig */,
				6906D5EDE500FD676CF8F5AA /* Pods-CoronaVirusAppTests.debug.xcconfig */,
				7C25D35AE51B13565C77EAC8 /* Pods-CoronaVirusAppTests.release.xcconfig */,
			);
			path = Pods;
			sourceTree = "<group>";
		};
		602F4C522600CB860034A798 = {
			isa = PBXGroup;
			children = (
				602F4C5D2600CB860034A798 /* CoronaVirusApp */,
				602F4C742600CB870034A798 /* CoronaVirusAppTests */,
				602F4C5C2600CB860034A798 /* Products */,
				333D94AFF454D15CC16DEF5A /* Pods */,
				177F832A5D32E8BEF54B406A /* Frameworks */,
			);
			sourceTree = "<group>";
		};
		602F4C5C2600CB860034A798 /* Products */ = {
			isa = PBXGroup;
			children = (
				602F4C5B2600CB860034A798 /* CoronaVirusApp.app */,
				602F4C712600CB870034A798 /* CoronaVirusAppTests.xctest */,
			);
			name = Products;
			sourceTree = "<group>";
		};
		602F4C5D2600CB860034A798 /* CoronaVirusApp */ = {
			isa = PBXGroup;
			children = (
				0297B7D52615D38600BB40A9 /* Modules */,
				0297B7852615CDFF00BB40A9 /* Common */,
				602F4C9A2600CBD30034A798 /* Support */,
			);
			path = CoronaVirusApp;
			sourceTree = "<group>";
		};
		602F4C742600CB870034A798 /* CoronaVirusAppTests */ = {
			isa = PBXGroup;
			children = (
				602F4C752600CB870034A798 /* CoronaVirusAppTests.swift */,
				602F4C772600CB870034A798 /* Info.plist */,
			);
			path = CoronaVirusAppTests;
			sourceTree = "<group>";
		};
		602F4C9A2600CBD30034A798 /* Support */ = {
			isa = PBXGroup;
			children = (
				602F4C672600CB870034A798 /* Assets.xcassets */,
				02C5F8D72639DC6B009F85FC /* Assets */,
				602F4C5E2600CB860034A798 /* AppDelegate.swift */,
				602F4C692600CB870034A798 /* LaunchScreen.storyboard */,
				602F4C6C2600CB870034A798 /* Info.plist */,
				0229A577262C6E14003C1053 /* AppCoordinator.swift */,
			);
			path = Support;
			sourceTree = "<group>";
		};
/* End PBXGroup section */

/* Begin PBXNativeTarget section */
		602F4C5A2600CB860034A798 /* CoronaVirusApp */ = {
			isa = PBXNativeTarget;
			buildConfigurationList = 602F4C852600CB870034A798 /* Build configuration list for PBXNativeTarget "CoronaVirusApp" */;
			buildPhases = (
				F45EB3AAE70841AA8B77C22B /* [CP] Check Pods Manifest.lock */,
				602F4C572600CB860034A798 /* Sources */,
				602F4C582600CB860034A798 /* Frameworks */,
				602F4C592600CB860034A798 /* Resources */,
				D25F71D401592FA03A5559C2 /* [CP] Embed Pods Frameworks */,
			);
			buildRules = (
			);
			dependencies = (
			);
			name = CoronaVirusApp;
			productName = CoronaVirusApp;
			productReference = 602F4C5B2600CB860034A798 /* CoronaVirusApp.app */;
			productType = "com.apple.product-type.application";
		};
		602F4C702600CB870034A798 /* CoronaVirusAppTests */ = {
			isa = PBXNativeTarget;
			buildConfigurationList = 602F4C882600CB870034A798 /* Build configuration list for PBXNativeTarget "CoronaVirusAppTests" */;
			buildPhases = (
				2B5E3FF38E0221CDCB5E07D9 /* [CP] Check Pods Manifest.lock */,
				602F4C6D2600CB870034A798 /* Sources */,
				602F4C6E2600CB870034A798 /* Frameworks */,
				602F4C6F2600CB870034A798 /* Resources */,
				0A8B196AC97C32BEA88ABF42 /* [CP] Embed Pods Frameworks */,
			);
			buildRules = (
			);
			dependencies = (
				602F4C732600CB870034A798 /* PBXTargetDependency */,
			);
			name = CoronaVirusAppTests;
			productName = CoronaVirusAppTests;
			productReference = 602F4C712600CB870034A798 /* CoronaVirusAppTests.xctest */;
			productType = "com.apple.product-type.bundle.unit-test";
		};
/* End PBXNativeTarget section */

/* Begin PBXProject section */
		602F4C532600CB860034A798 /* Project object */ = {
			isa = PBXProject;
			attributes = {
				LastSwiftUpdateCheck = 1240;
				LastUpgradeCheck = 1240;
				TargetAttributes = {
					602F4C5A2600CB860034A798 = {
						CreatedOnToolsVersion = 12.4;
					};
					602F4C702600CB870034A798 = {
						CreatedOnToolsVersion = 12.4;
						TestTargetID = 602F4C5A2600CB860034A798;
					};
				};
			};
			buildConfigurationList = 602F4C562600CB860034A798 /* Build configuration list for PBXProject "CoronaVirusApp" */;
			compatibilityVersion = "Xcode 9.3";
			developmentRegion = en;
			hasScannedForEncodings = 0;
			knownRegions = (
				en,
				Base,
			);
			mainGroup = 602F4C522600CB860034A798;
			productRefGroup = 602F4C5C2600CB860034A798 /* Products */;
			projectDirPath = "";
			projectRoot = "";
			targets = (
				602F4C5A2600CB860034A798 /* CoronaVirusApp */,
				602F4C702600CB870034A798 /* CoronaVirusAppTests */,
			);
		};
/* End PBXProject section */

/* Begin PBXResourcesBuildPhase section */
		602F4C592600CB860034A798 /* Resources */ = {
			isa = PBXResourcesBuildPhase;
			buildActionMask = 2147483647;
			files = (
				02C5F8D92639DC83009F85FC /* loadingAnimation.json in Resources */,
				602F4C6B2600CB870034A798 /* LaunchScreen.storyboard in Resources */,
				602F4C682600CB870034A798 /* Assets.xcassets in Resources */,
			);
			runOnlyForDeploymentPostprocessing = 0;
		};
		602F4C6F2600CB870034A798 /* Resources */ = {
			isa = PBXResourcesBuildPhase;
			buildActionMask = 2147483647;
			files = (
			);
			runOnlyForDeploymentPostprocessing = 0;
		};
/* End PBXResourcesBuildPhase section */

/* Begin PBXShellScriptBuildPhase section */
		0A8B196AC97C32BEA88ABF42 /* [CP] Embed Pods Frameworks */ = {
			isa = PBXShellScriptBuildPhase;
			buildActionMask = 2147483647;
			files = (
			);
			inputFileListPaths = (
				"${PODS_ROOT}/Target Support Files/Pods-CoronaVirusAppTests/Pods-CoronaVirusAppTests-frameworks-${CONFIGURATION}-input-files.xcfilelist",
			);
			name = "[CP] Embed Pods Frameworks";
			outputFileListPaths = (
				"${PODS_ROOT}/Target Support Files/Pods-CoronaVirusAppTests/Pods-CoronaVirusAppTests-frameworks-${CONFIGURATION}-output-files.xcfilelist",
			);
			runOnlyForDeploymentPostprocessing = 0;
			shellPath = /bin/sh;
			shellScript = "\"${PODS_ROOT}/Target Support Files/Pods-CoronaVirusAppTests/Pods-CoronaVirusAppTests-frameworks.sh\"\n";
			showEnvVarsInLog = 0;
		};
		2B5E3FF38E0221CDCB5E07D9 /* [CP] Check Pods Manifest.lock */ = {
			isa = PBXShellScriptBuildPhase;
			buildActionMask = 2147483647;
			files = (
			);
			inputFileListPaths = (
			);
			inputPaths = (
				"${PODS_PODFILE_DIR_PATH}/Podfile.lock",
				"${PODS_ROOT}/Manifest.lock",
			);
			name = "[CP] Check Pods Manifest.lock";
			outputFileListPaths = (
			);
			outputPaths = (
				"$(DERIVED_FILE_DIR)/Pods-CoronaVirusAppTests-checkManifestLockResult.txt",
			);
			runOnlyForDeploymentPostprocessing = 0;
			shellPath = /bin/sh;
			shellScript = "diff \"${PODS_PODFILE_DIR_PATH}/Podfile.lock\" \"${PODS_ROOT}/Manifest.lock\" > /dev/null\nif [ $? != 0 ] ; then\n    # print error to STDERR\n    echo \"error: The sandbox is not in sync with the Podfile.lock. Run 'pod install' or update your CocoaPods installation.\" >&2\n    exit 1\nfi\n# This output is used by Xcode 'outputs' to avoid re-running this script phase.\necho \"SUCCESS\" > \"${SCRIPT_OUTPUT_FILE_0}\"\n";
			showEnvVarsInLog = 0;
		};
		D25F71D401592FA03A5559C2 /* [CP] Embed Pods Frameworks */ = {
			isa = PBXShellScriptBuildPhase;
			buildActionMask = 2147483647;
			files = (
			);
			inputFileListPaths = (
				"${PODS_ROOT}/Target Support Files/Pods-CoronaVirusApp/Pods-CoronaVirusApp-frameworks-${CONFIGURATION}-input-files.xcfilelist",
			);
			name = "[CP] Embed Pods Frameworks";
			outputFileListPaths = (
				"${PODS_ROOT}/Target Support Files/Pods-CoronaVirusApp/Pods-CoronaVirusApp-frameworks-${CONFIGURATION}-output-files.xcfilelist",
			);
			runOnlyForDeploymentPostprocessing = 0;
			shellPath = /bin/sh;
			shellScript = "\"${PODS_ROOT}/Target Support Files/Pods-CoronaVirusApp/Pods-CoronaVirusApp-frameworks.sh\"\n";
			showEnvVarsInLog = 0;
		};
		F45EB3AAE70841AA8B77C22B /* [CP] Check Pods Manifest.lock */ = {
			isa = PBXShellScriptBuildPhase;
			buildActionMask = 2147483647;
			files = (
			);
			inputFileListPaths = (
			);
			inputPaths = (
				"${PODS_PODFILE_DIR_PATH}/Podfile.lock",
				"${PODS_ROOT}/Manifest.lock",
			);
			name = "[CP] Check Pods Manifest.lock";
			outputFileListPaths = (
			);
			outputPaths = (
				"$(DERIVED_FILE_DIR)/Pods-CoronaVirusApp-checkManifestLockResult.txt",
			);
			runOnlyForDeploymentPostprocessing = 0;
			shellPath = /bin/sh;
			shellScript = "diff \"${PODS_PODFILE_DIR_PATH}/Podfile.lock\" \"${PODS_ROOT}/Manifest.lock\" > /dev/null\nif [ $? != 0 ] ; then\n    # print error to STDERR\n    echo \"error: The sandbox is not in sync with the Podfile.lock. Run 'pod install' or update your CocoaPods installation.\" >&2\n    exit 1\nfi\n# This output is used by Xcode 'outputs' to avoid re-running this script phase.\necho \"SUCCESS\" > \"${SCRIPT_OUTPUT_FILE_0}\"\n";
			showEnvVarsInLog = 0;
		};
/* End PBXShellScriptBuildPhase section */

/* Begin PBXSourcesBuildPhase section */
		602F4C572600CB860034A798 /* Sources */ = {
			isa = PBXSourcesBuildPhase;
			buildActionMask = 2147483647;
			files = (
				0297B79F2615CEBF00BB40A9 /* UIImageView+Extensions.swift in Sources */,
				02C5F8CA2639D937009F85FC /* PageComingSoonViewController.swift in Sources */,
				02C5F8D02639DB06009F85FC /* PageComingSoonCoordinator.swift in Sources */,
				02691272262CBFCF008932E2 /* TabBarViewController.swift in Sources */,
				0297B7AD2615CEF300BB40A9 /* UIView+Extensions.swift in Sources */,
				0212B77726389D4700F87F9D /* ParentCoordinatorDelegate.swift in Sources */,
				02691254262C6FF9008932E2 /* DummyViewController.swift in Sources */,
				0273CA5026234EE500A7CC00 /* TabBarCoordinator.swift in Sources */,
				0297B7C02615CFED00BB40A9 /* RestManager.swift in Sources */,
				602F4C5F2600CB860034A798 /* AppDelegate.swift in Sources */,
				0212B76226389C9900F87F9D /* UIStackView+Extensions.swift in Sources */,
				0273CA4C26234D9300A7CC00 /* TabBarPage.swift in Sources */,
				0212B76A26389CD200F87F9D /* UITableViewCell+Extensions.swift in Sources */,
				0212B76E26389CFF00F87F9D /* SerializationManager.swift in Sources */,
				0212B76626389CB700F87F9D /* UITableView+Extensions.swift in Sources */,
				0212B77226389D2500F87F9D /* ReusableView.swift in Sources */,
				0297B7BC2615CFD300BB40A9 /* RestEndpoints.swift in Sources */,
				02691261262CBB7E008932E2 /* DummyCoordinator.swift in Sources */,
				0297B78E2615CE4D00BB40A9 /* CoordinatorDelegate.swift in Sources */,
				0212B77B26389D6600F87F9D /* Coordinator.swift in Sources */,
				0297B7CC2615D03F00BB40A9 /* UserDefaultsService.swift in Sources */,
				0229A578262C6E14003C1053 /* AppCoordinator.swift in Sources */,
				0297B7B62615CFAE00BB40A9 /* NetworkError.swift in Sources */,
				0226D44C262DF7DC001169F0 /* DateUtils.swift in Sources */,
				0226D447262DF745001169F0 /* UseCaseData.swift in Sources */,
			);
			runOnlyForDeploymentPostprocessing = 0;
		};
		602F4C6D2600CB870034A798 /* Sources */ = {
			isa = PBXSourcesBuildPhase;
			buildActionMask = 2147483647;
			files = (
				602F4C762600CB870034A798 /* CoronaVirusAppTests.swift in Sources */,
			);
			runOnlyForDeploymentPostprocessing = 0;
		};
/* End PBXSourcesBuildPhase section */

/* Begin PBXTargetDependency section */
		602F4C732600CB870034A798 /* PBXTargetDependency */ = {
			isa = PBXTargetDependency;
			target = 602F4C5A2600CB860034A798 /* CoronaVirusApp */;
			targetProxy = 602F4C722600CB870034A798 /* PBXContainerItemProxy */;
		};
/* End PBXTargetDependency section */

/* Begin PBXVariantGroup section */
		602F4C692600CB870034A798 /* LaunchScreen.storyboard */ = {
			isa = PBXVariantGroup;
			children = (
				602F4C6A2600CB870034A798 /* Base */,
			);
			name = LaunchScreen.storyboard;
			sourceTree = "<group>";
		};
/* End PBXVariantGroup section */

/* Begin XCBuildConfiguration section */
		602F4C832600CB870034A798 /* Debug */ = {
			isa = XCBuildConfiguration;
			buildSettings = {
				ALWAYS_SEARCH_USER_PATHS = NO;
				CLANG_ANALYZER_NONNULL = YES;
				CLANG_ANALYZER_NUMBER_OBJECT_CONVERSION = YES_AGGRESSIVE;
				CLANG_CXX_LANGUAGE_STANDARD = "gnu++14";
				CLANG_CXX_LIBRARY = "libc++";
				CLANG_ENABLE_MODULES = YES;
				CLANG_ENABLE_OBJC_ARC = YES;
				CLANG_ENABLE_OBJC_WEAK = YES;
				CLANG_WARN_BLOCK_CAPTURE_AUTORELEASING = YES;
				CLANG_WARN_BOOL_CONVERSION = YES;
				CLANG_WARN_COMMA = YES;
				CLANG_WARN_CONSTANT_CONVERSION = YES;
				CLANG_WARN_DEPRECATED_OBJC_IMPLEMENTATIONS = YES;
				CLANG_WARN_DIRECT_OBJC_ISA_USAGE = YES_ERROR;
				CLANG_WARN_DOCUMENTATION_COMMENTS = YES;
				CLANG_WARN_EMPTY_BODY = YES;
				CLANG_WARN_ENUM_CONVERSION = YES;
				CLANG_WARN_INFINITE_RECURSION = YES;
				CLANG_WARN_INT_CONVERSION = YES;
				CLANG_WARN_NON_LITERAL_NULL_CONVERSION = YES;
				CLANG_WARN_OBJC_IMPLICIT_RETAIN_SELF = YES;
				CLANG_WARN_OBJC_LITERAL_CONVERSION = YES;
				CLANG_WARN_OBJC_ROOT_CLASS = YES_ERROR;
				CLANG_WARN_QUOTED_INCLUDE_IN_FRAMEWORK_HEADER = YES;
				CLANG_WARN_RANGE_LOOP_ANALYSIS = YES;
				CLANG_WARN_STRICT_PROTOTYPES = YES;
				CLANG_WARN_SUSPICIOUS_MOVE = YES;
				CLANG_WARN_UNGUARDED_AVAILABILITY = YES_AGGRESSIVE;
				CLANG_WARN_UNREACHABLE_CODE = YES;
				CLANG_WARN__DUPLICATE_METHOD_MATCH = YES;
				COPY_PHASE_STRIP = NO;
				DEBUG_INFORMATION_FORMAT = dwarf;
				ENABLE_STRICT_OBJC_MSGSEND = YES;
				ENABLE_TESTABILITY = YES;
				GCC_C_LANGUAGE_STANDARD = gnu11;
				GCC_DYNAMIC_NO_PIC = NO;
				GCC_NO_COMMON_BLOCKS = YES;
				GCC_OPTIMIZATION_LEVEL = 0;
				GCC_PREPROCESSOR_DEFINITIONS = (
					"DEBUG=1",
					"$(inherited)",
				);
				GCC_WARN_64_TO_32_BIT_CONVERSION = YES;
				GCC_WARN_ABOUT_RETURN_TYPE = YES_ERROR;
				GCC_WARN_UNDECLARED_SELECTOR = YES;
				GCC_WARN_UNINITIALIZED_AUTOS = YES_AGGRESSIVE;
				GCC_WARN_UNUSED_FUNCTION = YES;
				GCC_WARN_UNUSED_VARIABLE = YES;
				IPHONEOS_DEPLOYMENT_TARGET = 14.4;
				MTL_ENABLE_DEBUG_INFO = INCLUDE_SOURCE;
				MTL_FAST_MATH = YES;
				ONLY_ACTIVE_ARCH = YES;
				SDKROOT = iphoneos;
				SWIFT_ACTIVE_COMPILATION_CONDITIONS = DEBUG;
				SWIFT_OPTIMIZATION_LEVEL = "-Onone";
			};
			name = Debug;
		};
		602F4C842600CB870034A798 /* Release */ = {
			isa = XCBuildConfiguration;
			buildSettings = {
				ALWAYS_SEARCH_USER_PATHS = NO;
				CLANG_ANALYZER_NONNULL = YES;
				CLANG_ANALYZER_NUMBER_OBJECT_CONVERSION = YES_AGGRESSIVE;
				CLANG_CXX_LANGUAGE_STANDARD = "gnu++14";
				CLANG_CXX_LIBRARY = "libc++";
				CLANG_ENABLE_MODULES = YES;
				CLANG_ENABLE_OBJC_ARC = YES;
				CLANG_ENABLE_OBJC_WEAK = YES;
				CLANG_WARN_BLOCK_CAPTURE_AUTORELEASING = YES;
				CLANG_WARN_BOOL_CONVERSION = YES;
				CLANG_WARN_COMMA = YES;
				CLANG_WARN_CONSTANT_CONVERSION = YES;
				CLANG_WARN_DEPRECATED_OBJC_IMPLEMENTATIONS = YES;
				CLANG_WARN_DIRECT_OBJC_ISA_USAGE = YES_ERROR;
				CLANG_WARN_DOCUMENTATION_COMMENTS = YES;
				CLANG_WARN_EMPTY_BODY = YES;
				CLANG_WARN_ENUM_CONVERSION = YES;
				CLANG_WARN_INFINITE_RECURSION = YES;
				CLANG_WARN_INT_CONVERSION = YES;
				CLANG_WARN_NON_LITERAL_NULL_CONVERSION = YES;
				CLANG_WARN_OBJC_IMPLICIT_RETAIN_SELF = YES;
				CLANG_WARN_OBJC_LITERAL_CONVERSION = YES;
				CLANG_WARN_OBJC_ROOT_CLASS = YES_ERROR;
				CLANG_WARN_QUOTED_INCLUDE_IN_FRAMEWORK_HEADER = YES;
				CLANG_WARN_RANGE_LOOP_ANALYSIS = YES;
				CLANG_WARN_STRICT_PROTOTYPES = YES;
				CLANG_WARN_SUSPICIOUS_MOVE = YES;
				CLANG_WARN_UNGUARDED_AVAILABILITY = YES_AGGRESSIVE;
				CLANG_WARN_UNREACHABLE_CODE = YES;
				CLANG_WARN__DUPLICATE_METHOD_MATCH = YES;
				COPY_PHASE_STRIP = NO;
				DEBUG_INFORMATION_FORMAT = "dwarf-with-dsym";
				ENABLE_NS_ASSERTIONS = NO;
				ENABLE_STRICT_OBJC_MSGSEND = YES;
				GCC_C_LANGUAGE_STANDARD = gnu11;
				GCC_NO_COMMON_BLOCKS = YES;
				GCC_WARN_64_TO_32_BIT_CONVERSION = YES;
				GCC_WARN_ABOUT_RETURN_TYPE = YES_ERROR;
				GCC_WARN_UNDECLARED_SELECTOR = YES;
				GCC_WARN_UNINITIALIZED_AUTOS = YES_AGGRESSIVE;
				GCC_WARN_UNUSED_FUNCTION = YES;
				GCC_WARN_UNUSED_VARIABLE = YES;
				IPHONEOS_DEPLOYMENT_TARGET = 14.4;
				MTL_ENABLE_DEBUG_INFO = NO;
				MTL_FAST_MATH = YES;
				SDKROOT = iphoneos;
				SWIFT_COMPILATION_MODE = wholemodule;
				SWIFT_OPTIMIZATION_LEVEL = "-O";
				VALIDATE_PRODUCT = YES;
			};
			name = Release;
		};
		602F4C862600CB870034A798 /* Debug */ = {
			isa = XCBuildConfiguration;
			baseConfigurationReference = 57F89CF7DF78AC38F950C846 /* Pods-CoronaVirusApp.debug.xcconfig */;
			buildSettings = {
				ASSETCATALOG_COMPILER_APPICON_NAME = AppIcon;
				ASSETCATALOG_COMPILER_GLOBAL_ACCENT_COLOR_NAME = AccentColor;
				CODE_SIGN_STYLE = Automatic;
				COVID_HOST = api.covid19api.com;
				INFOPLIST_FILE = CoronaVirusApp/Support/Info.plist;
				LD_RUNPATH_SEARCH_PATHS = (
					"$(inherited)",
					"@executable_path/Frameworks",
				);
				NEWS_HOST = "api.mediastack.com/v1/news?access_key=2124bbd4886ccfcaa4066eefbcd2bdba&keywords=corona&limit=25&offset=0\n\n";
				PRODUCT_BUNDLE_IDENTIFIER = com.example.CoronaVirusApp;
				PRODUCT_NAME = "$(TARGET_NAME)";
				SCHEME = "https://";
				SWIFT_VERSION = 5.0;
				TARGETED_DEVICE_FAMILY = "1,2";
			};
			name = Debug;
		};
		602F4C872600CB870034A798 /* Release */ = {
			isa = XCBuildConfiguration;
			baseConfigurationReference = C051C46FEC0F29086B48C3B6 /* Pods-CoronaVirusApp.release.xcconfig */;
			buildSettings = {
				ASSETCATALOG_COMPILER_APPICON_NAME = AppIcon;
				ASSETCATALOG_COMPILER_GLOBAL_ACCENT_COLOR_NAME = AccentColor;
				CODE_SIGN_STYLE = Automatic;
				COVID_HOST = api.covid19api.com;
				INFOPLIST_FILE = CoronaVirusApp/Support/Info.plist;
				LD_RUNPATH_SEARCH_PATHS = (
					"$(inherited)",
					"@executable_path/Frameworks",
				);
				NEWS_HOST = "api.mediastack.com/v1/news?access_key=2124bbd4886ccfcaa4066eefbcd2bdba&keywords=corona&limit=25&offset=0\n\n";
				PRODUCT_BUNDLE_IDENTIFIER = com.example.CoronaVirusApp;
				PRODUCT_NAME = "$(TARGET_NAME)";
				SCHEME = "https://";
				SWIFT_VERSION = 5.0;
				TARGETED_DEVICE_FAMILY = "1,2";
			};
			name = Release;
		};
		602F4C892600CB870034A798 /* Debug */ = {
			isa = XCBuildConfiguration;
			baseConfigurationReference = 6906D5EDE500FD676CF8F5AA /* Pods-CoronaVirusAppTests.debug.xcconfig */;
			buildSettings = {
				ALWAYS_EMBED_SWIFT_STANDARD_LIBRARIES = YES;
				BUNDLE_LOADER = "$(TEST_HOST)";
				CODE_SIGN_STYLE = Automatic;
				INFOPLIST_FILE = CoronaVirusAppTests/Info.plist;
				IPHONEOS_DEPLOYMENT_TARGET = 14.4;
				LD_RUNPATH_SEARCH_PATHS = (
					"$(inherited)",
					"@executable_path/Frameworks",
					"@loader_path/Frameworks",
				);
				PRODUCT_BUNDLE_IDENTIFIER = com.example.CoronaVirusAppTests;
				PRODUCT_NAME = "$(TARGET_NAME)";
				SWIFT_VERSION = 5.0;
				TARGETED_DEVICE_FAMILY = "1,2";
				TEST_HOST = "$(BUILT_PRODUCTS_DIR)/CoronaVirusApp.app/CoronaVirusApp";
			};
			name = Debug;
		};
		602F4C8A2600CB870034A798 /* Release */ = {
			isa = XCBuildConfiguration;
			baseConfigurationReference = 7C25D35AE51B13565C77EAC8 /* Pods-CoronaVirusAppTests.release.xcconfig */;
			buildSettings = {
				ALWAYS_EMBED_SWIFT_STANDARD_LIBRARIES = YES;
				BUNDLE_LOADER = "$(TEST_HOST)";
				CODE_SIGN_STYLE = Automatic;
				INFOPLIST_FILE = CoronaVirusAppTests/Info.plist;
				IPHONEOS_DEPLOYMENT_TARGET = 14.4;
				LD_RUNPATH_SEARCH_PATHS = (
					"$(inherited)",
					"@executable_path/Frameworks",
					"@loader_path/Frameworks",
				);
				PRODUCT_BUNDLE_IDENTIFIER = com.example.CoronaVirusAppTests;
				PRODUCT_NAME = "$(TARGET_NAME)";
				SWIFT_VERSION = 5.0;
				TARGETED_DEVICE_FAMILY = "1,2";
				TEST_HOST = "$(BUILT_PRODUCTS_DIR)/CoronaVirusApp.app/CoronaVirusApp";
			};
			name = Release;
		};
/* End XCBuildConfiguration section */

/* Begin XCConfigurationList section */
		602F4C562600CB860034A798 /* Build configuration list for PBXProject "CoronaVirusApp" */ = {
			isa = XCConfigurationList;
			buildConfigurations = (
				602F4C832600CB870034A798 /* Debug */,
				602F4C842600CB870034A798 /* Release */,
			);
			defaultConfigurationIsVisible = 0;
			defaultConfigurationName = Release;
		};
		602F4C852600CB870034A798 /* Build configuration list for PBXNativeTarget "CoronaVirusApp" */ = {
			isa = XCConfigurationList;
			buildConfigurations = (
				602F4C862600CB870034A798 /* Debug */,
				602F4C872600CB870034A798 /* Release */,
			);
			defaultConfigurationIsVisible = 0;
			defaultConfigurationName = Release;
		};
		602F4C882600CB870034A798 /* Build configuration list for PBXNativeTarget "CoronaVirusAppTests" */ = {
			isa = XCConfigurationList;
			buildConfigurations = (
				602F4C892600CB870034A798 /* Debug */,
				602F4C8A2600CB870034A798 /* Release */,
			);
			defaultConfigurationIsVisible = 0;
			defaultConfigurationName = Release;
		};
/* End XCConfigurationList section */
	};
	rootObject = 602F4C532600CB860034A798 /* Project object */;
}
